// !$*UTF8*$!
{
	archiveVersion = 1;
	classes = {
	};
	objectVersion = 48;
	objects = {

/* Begin PBXBuildFile section */
		E309DCE61FF26CB700C3D135 /* NewSongServiceIphoneController.swift in Sources */ = {isa = PBXBuildFile; fileRef = E309DCE51FF26CB700C3D135 /* NewSongServiceIphoneController.swift */; };
		E309DCE81FF44E6A00C3D135 /* TagsIphoneController.swift in Sources */ = {isa = PBXBuildFile; fileRef = E309DCE71FF44E6A00C3D135 /* TagsIphoneController.swift */; };
		E309DCEA1FF45A8A00C3D135 /* MoreSplitViewController.swift in Sources */ = {isa = PBXBuildFile; fileRef = E309DCE91FF45A8A00C3D135 /* MoreSplitViewController.swift */; };
		E309DCF31FF48F0800C3D135 /* LabelSwitchCell.swift in Sources */ = {isa = PBXBuildFile; fileRef = E309DCF11FF48F0800C3D135 /* LabelSwitchCell.swift */; };
		E309DCF41FF48F0800C3D135 /* LabelSwitchCell.xib in Resources */ = {isa = PBXBuildFile; fileRef = E309DCF21FF48F0800C3D135 /* LabelSwitchCell.xib */; };
		E309DCF71FF48FF100C3D135 /* LabelColorPickerCell.swift in Sources */ = {isa = PBXBuildFile; fileRef = E309DCF51FF48FF100C3D135 /* LabelColorPickerCell.swift */; };
		E309DCF81FF48FF100C3D135 /* LabelColorPickerCell.xib in Resources */ = {isa = PBXBuildFile; fileRef = E309DCF61FF48FF100C3D135 /* LabelColorPickerCell.xib */; };
		E309DCFA1FF4954100C3D135 /* TagExtensions.swift in Sources */ = {isa = PBXBuildFile; fileRef = E309DCF91FF4954100C3D135 /* TagExtensions.swift */; };
		E309DCFD1FF4FC9E00C3D135 /* TextFieldCell.swift in Sources */ = {isa = PBXBuildFile; fileRef = E309DCFC1FF4FC9E00C3D135 /* TextFieldCell.swift */; };
		E309DD021FF5127400C3D135 /* LabelNumberCell.swift in Sources */ = {isa = PBXBuildFile; fileRef = E309DD001FF5127400C3D135 /* LabelNumberCell.swift */; };
		E309DD031FF5127400C3D135 /* LabelNumberCell.xib in Resources */ = {isa = PBXBuildFile; fileRef = E309DD011FF5127400C3D135 /* LabelNumberCell.xib */; };
		E309DD051FF5179B00C3D135 /* Cells.swift in Sources */ = {isa = PBXBuildFile; fileRef = E309DD041FF5179B00C3D135 /* Cells.swift */; };
		E31171311FE59DA3008D9D51 /* AppDelegate.swift in Sources */ = {isa = PBXBuildFile; fileRef = E31171301FE59DA3008D9D51 /* AppDelegate.swift */; };
		E31171331FE59DA3008D9D51 /* ViewController.swift in Sources */ = {isa = PBXBuildFile; fileRef = E31171321FE59DA3008D9D51 /* ViewController.swift */; };
		E31171361FE59DA3008D9D51 /* Main.storyboard in Resources */ = {isa = PBXBuildFile; fileRef = E31171341FE59DA3008D9D51 /* Main.storyboard */; };
		E31171391FE59DA3008D9D51 /* SongProjector.xcdatamodeld in Sources */ = {isa = PBXBuildFile; fileRef = E31171371FE59DA3008D9D51 /* SongProjector.xcdatamodeld */; };
		E311713B1FE59DA3008D9D51 /* Assets.xcassets in Resources */ = {isa = PBXBuildFile; fileRef = E311713A1FE59DA3008D9D51 /* Assets.xcassets */; };
		E311713E1FE59DA3008D9D51 /* LaunchScreen.storyboard in Resources */ = {isa = PBXBuildFile; fileRef = E311713C1FE59DA3008D9D51 /* LaunchScreen.storyboard */; };
		E31171491FE59EBD008D9D51 /* CoreDataManager.swift in Sources */ = {isa = PBXBuildFile; fileRef = E31171481FE59EBD008D9D51 /* CoreDataManager.swift */; };
		E31171511FE5A071008D9D51 /* UITableViewExtensions.swift in Sources */ = {isa = PBXBuildFile; fileRef = E311714B1FE5A071008D9D51 /* UITableViewExtensions.swift */; };
		E31171521FE5A071008D9D51 /* StringExtensions.swift in Sources */ = {isa = PBXBuildFile; fileRef = E311714C1FE5A071008D9D51 /* StringExtensions.swift */; };
		E31171531FE5A071008D9D51 /* ArrayExtensions.swift in Sources */ = {isa = PBXBuildFile; fileRef = E311714D1FE5A071008D9D51 /* ArrayExtensions.swift */; };
		E31171541FE5A071008D9D51 /* UIColorExtension.swift in Sources */ = {isa = PBXBuildFile; fileRef = E311714E1FE5A071008D9D51 /* UIColorExtension.swift */; };
		E31171551FE5A071008D9D51 /* UIFontExtensions.swift in Sources */ = {isa = PBXBuildFile; fileRef = E311714F1FE5A071008D9D51 /* UIFontExtensions.swift */; };
		E31171561FE5A071008D9D51 /* NSManagedObjectExtension.swift in Sources */ = {isa = PBXBuildFile; fileRef = E31171501FE5A071008D9D51 /* NSManagedObjectExtension.swift */; };
		E311715A1FE5A0A3008D9D51 /* Notifications.swift in Sources */ = {isa = PBXBuildFile; fileRef = E31171581FE5A0A3008D9D51 /* Notifications.swift */; };
		E311715B1FE5A0A3008D9D51 /* Features.swift in Sources */ = {isa = PBXBuildFile; fileRef = E31171591FE5A0A3008D9D51 /* Features.swift */; };
		E31171641FE5A0E7008D9D51 /* MenuController.swift in Sources */ = {isa = PBXBuildFile; fileRef = E311715C1FE5A0E7008D9D51 /* MenuController.swift */; };
		E31171651FE5A0E7008D9D51 /* PlayersController.swift in Sources */ = {isa = PBXBuildFile; fileRef = E311715D1FE5A0E7008D9D51 /* PlayersController.swift */; };
		E31171661FE5A0E7008D9D51 /* SongServiceController.swift in Sources */ = {isa = PBXBuildFile; fileRef = E311715E1FE5A0E7008D9D51 /* SongServiceController.swift */; };
		E31171671FE5A0E7008D9D51 /* MoreController.swift in Sources */ = {isa = PBXBuildFile; fileRef = E311715F1FE5A0E7008D9D51 /* MoreController.swift */; };
		E31171681FE5A0E7008D9D51 /* SongsController.swift in Sources */ = {isa = PBXBuildFile; fileRef = E31171601FE5A0E7008D9D51 /* SongsController.swift */; };
		E31171691FE5A0E7008D9D51 /* NewSongController.swift in Sources */ = {isa = PBXBuildFile; fileRef = E31171611FE5A0E7008D9D51 /* NewSongController.swift */; };
		E311716A1FE5A0E7008D9D51 /* NewSongServiceController.swift in Sources */ = {isa = PBXBuildFile; fileRef = E31171621FE5A0E7008D9D51 /* NewSongServiceController.swift */; };
		E311716B1FE5A0E7008D9D51 /* SplashScreen.swift in Sources */ = {isa = PBXBuildFile; fileRef = E31171631FE5A0E7008D9D51 /* SplashScreen.swift */; };
		E31171751FE5A1A0008D9D51 /* BasicCell.swift in Sources */ = {isa = PBXBuildFile; fileRef = E311716D1FE5A1A0008D9D51 /* BasicCell.swift */; };
		E31171761FE5A1A0008D9D51 /* BasicCell.xib in Resources */ = {isa = PBXBuildFile; fileRef = E311716E1FE5A1A0008D9D51 /* BasicCell.xib */; };
		E31171771FE5A1A0008D9D51 /* NewSongSheetCell.swift in Sources */ = {isa = PBXBuildFile; fileRef = E311716F1FE5A1A0008D9D51 /* NewSongSheetCell.swift */; };
		E31171781FE5A1A0008D9D51 /* TagCellCollection.xib in Resources */ = {isa = PBXBuildFile; fileRef = E31171701FE5A1A0008D9D51 /* TagCellCollection.xib */; };
		E31171791FE5A1A0008D9D51 /* AddButtonCell.swift in Sources */ = {isa = PBXBuildFile; fileRef = E31171711FE5A1A0008D9D51 /* AddButtonCell.swift */; };
		E311717A1FE5A1A0008D9D51 /* AddButtonCell.xib in Resources */ = {isa = PBXBuildFile; fileRef = E31171721FE5A1A0008D9D51 /* AddButtonCell.xib */; };
		E311717B1FE5A1A0008D9D51 /* TagCellCollection.swift in Sources */ = {isa = PBXBuildFile; fileRef = E31171731FE5A1A0008D9D51 /* TagCellCollection.swift */; };
		E311717C1FE5A1A0008D9D51 /* NewSongSheetCell.xib in Resources */ = {isa = PBXBuildFile; fileRef = E31171741FE5A1A0008D9D51 /* NewSongSheetCell.xib */; };
		E311717E1FE5A5F5008D9D51 /* StoryboardiPad.storyboard in Resources */ = {isa = PBXBuildFile; fileRef = E311717D1FE5A5F5008D9D51 /* StoryboardiPad.storyboard */; };
		E311A44820725B72007BB6CB /* ImportBibleController.swift in Sources */ = {isa = PBXBuildFile; fileRef = E311A44720725B72007BB6CB /* ImportBibleController.swift */; };
		E311A44A2072733A007BB6CB /* LoadingBibleController.swift in Sources */ = {isa = PBXBuildFile; fileRef = E311A4492072733A007BB6CB /* LoadingBibleController.swift */; };
		E31F87BD1FE7035D00D5D4BA /* Text.swift in Sources */ = {isa = PBXBuildFile; fileRef = E31F87BC1FE7035D00D5D4BA /* Text.swift */; };
		E326E9041FFEC9EC00FEAC9C /* CustomSheetsIphoneController.swift in Sources */ = {isa = PBXBuildFile; fileRef = E326E9031FFEC9EC00FEAC9C /* CustomSheetsIphoneController.swift */; };
		E326E9071FFECD0E00FEAC9C /* SheetCollectionCell.swift in Sources */ = {isa = PBXBuildFile; fileRef = E326E9051FFECD0E00FEAC9C /* SheetCollectionCell.swift */; };
		E326E9081FFECD0E00FEAC9C /* SheetCollectionCell.xib in Resources */ = {isa = PBXBuildFile; fileRef = E326E9061FFECD0E00FEAC9C /* SheetCollectionCell.xib */; };
		E32D4D6520017E0100ED81A7 /* EditSongIphoneController.swift in Sources */ = {isa = PBXBuildFile; fileRef = E32D4D6420017E0100ED81A7 /* EditSongIphoneController.swift */; };
		E3314B6620077DD100F470C0 /* SheetExtensions.swift in Sources */ = {isa = PBXBuildFile; fileRef = E3314B6520077DD100F470C0 /* SheetExtensions.swift */; };
		E3314B682007836D00F470C0 /* SheetView.swift in Sources */ = {isa = PBXBuildFile; fileRef = E3314B672007836D00F470C0 /* SheetView.swift */; };
		E33268BC2022241E002CDA7C /* SongsMenuController.swift in Sources */ = {isa = PBXBuildFile; fileRef = E33268BB2022241E002CDA7C /* SongsMenuController.swift */; };
		E33268BE2022FCD2002CDA7C /* SoundPlayer.swift in Sources */ = {isa = PBXBuildFile; fileRef = E33268BD2022FCD2002CDA7C /* SoundPlayer.swift */; };
		E3355D6F1FEDA645004C03AE /* TextViewExtensions.swift in Sources */ = {isa = PBXBuildFile; fileRef = E3355D6E1FEDA645004C03AE /* TextViewExtensions.swift */; };
		E3355D711FEE6436004C03AE /* ClusterExtensions.swift in Sources */ = {isa = PBXBuildFile; fileRef = E3355D701FEE6436004C03AE /* ClusterExtensions.swift */; };
		E3481756201B0A5D0021D39B /* GoogleService-Info.plist in Resources */ = {isa = PBXBuildFile; fileRef = E3481755201B0A5D0021D39B /* GoogleService-Info.plist */; };
		E34ED29B2008D62300534C72 /* SheetSplit.xib in Resources */ = {isa = PBXBuildFile; fileRef = E34ED29A2008D62300534C72 /* SheetSplit.xib */; };
		E34ED29D2008D63700534C72 /* SheetSplit.swift in Sources */ = {isa = PBXBuildFile; fileRef = E34ED29C2008D63700534C72 /* SheetSplit.swift */; };
		E36F41661FEE8CDA00E989E5 /* SongServiceIphoneController.swift in Sources */ = {isa = PBXBuildFile; fileRef = E36F41651FEE8CDA00E989E5 /* SongServiceIphoneController.swift */; };
		E36F41681FEE965200E989E5 /* NewSongIphoneController.swift in Sources */ = {isa = PBXBuildFile; fileRef = E36F41671FEE965200E989E5 /* NewSongIphoneController.swift */; };
		E37137BE205EBB8300DF86F1 /* LabelSliderCell.swift in Sources */ = {isa = PBXBuildFile; fileRef = E37137BC205EBB8300DF86F1 /* LabelSliderCell.swift */; };
		E37137BF205EBB8300DF86F1 /* LabelSliderCell.xib in Resources */ = {isa = PBXBuildFile; fileRef = E37137BD205EBB8300DF86F1 /* LabelSliderCell.xib */; };
		E3812DE7201C972B00F10B2C /* SettingsController.swift in Sources */ = {isa = PBXBuildFile; fileRef = E3812DE6201C972B00F10B2C /* SettingsController.swift */; };
		E3812DEA201C992300F10B2C /* GoogleCell.swift in Sources */ = {isa = PBXBuildFile; fileRef = E3812DE8201C992300F10B2C /* GoogleCell.swift */; };
		E3812DEB201C992300F10B2C /* GoogleCell.xib in Resources */ = {isa = PBXBuildFile; fileRef = E3812DE9201C992300F10B2C /* GoogleCell.xib */; };
		E3812DED201CE1D300F10B2C /* GoogleActivityFetcher.swift in Sources */ = {isa = PBXBuildFile; fileRef = E3812DEC201CE1D300F10B2C /* GoogleActivityFetcher.swift */; };
		E38347581FF7AAC9008AE69D /* LabelTextFieldCell.swift in Sources */ = {isa = PBXBuildFile; fileRef = E38347561FF7AAC9008AE69D /* LabelTextFieldCell.swift */; };
		E38347591FF7AAC9008AE69D /* LabelTextFieldCell.xib in Resources */ = {isa = PBXBuildFile; fileRef = E38347571FF7AAC9008AE69D /* LabelTextFieldCell.xib */; };
		E383475C1FF7DADD008AE69D /* LabelImagePicker.swift in Sources */ = {isa = PBXBuildFile; fileRef = E383475A1FF7DADD008AE69D /* LabelImagePicker.swift */; };
		E383475D1FF7DADD008AE69D /* LabelImagePicker.xib in Resources */ = {isa = PBXBuildFile; fileRef = E383475B1FF7DADD008AE69D /* LabelImagePicker.xib */; };
		E38347601FF7E8B5008AE69D /* LabelPhotoPickerCell.swift in Sources */ = {isa = PBXBuildFile; fileRef = E383475E1FF7E8B5008AE69D /* LabelPhotoPickerCell.swift */; };
		E38347611FF7E8B5008AE69D /* LabelPhotoPickerCell.xib in Resources */ = {isa = PBXBuildFile; fileRef = E383475F1FF7E8B5008AE69D /* LabelPhotoPickerCell.xib */; };
		E38347631FF8434D008AE69D /* ImageExtensions.swift in Sources */ = {isa = PBXBuildFile; fileRef = E38347621FF8434D008AE69D /* ImageExtensions.swift */; };
		E38347651FF9382F008AE69D /* ExternalDisplayController.swift in Sources */ = {isa = PBXBuildFile; fileRef = E38347641FF9382F008AE69D /* ExternalDisplayController.swift */; };
		E38347671FFA5099008AE69D /* SheetTitleContent.xib in Resources */ = {isa = PBXBuildFile; fileRef = E38347661FFA5099008AE69D /* SheetTitleContent.xib */; };
		E38347691FFA512D008AE69D /* SheetTitleContent.swift in Sources */ = {isa = PBXBuildFile; fileRef = E38347681FFA512D008AE69D /* SheetTitleContent.swift */; };
		E393B7652008D20B0073D0A9 /* SheetEmpty.xib in Resources */ = {isa = PBXBuildFile; fileRef = E393B7642008D20B0073D0A9 /* SheetEmpty.xib */; };
		E393B7672008D25F0073D0A9 /* SheetEmpty.swift in Sources */ = {isa = PBXBuildFile; fileRef = E393B7662008D25F0073D0A9 /* SheetEmpty.swift */; };
		E393B7692008D3FC0073D0A9 /* SheetTitleImage.xib in Resources */ = {isa = PBXBuildFile; fileRef = E393B7682008D3FC0073D0A9 /* SheetTitleImage.xib */; };
		E393B76B2008D40A0073D0A9 /* SheetTitleImage.swift in Sources */ = {isa = PBXBuildFile; fileRef = E393B76A2008D40A0073D0A9 /* SheetTitleImage.swift */; };
		E39864D0209747E900DF5199 /* awsconfiguration.json in Resources */ = {isa = PBXBuildFile; fileRef = E39864CF209747E900DF5199 /* awsconfiguration.json */; };
		E399EA87202F574600E8CE0E /* NewSongMenuController.swift in Sources */ = {isa = PBXBuildFile; fileRef = E399EA86202F574600E8CE0E /* NewSongMenuController.swift */; };
		E399EA89202F73D700E8CE0E /* CustomSheetsController.swift in Sources */ = {isa = PBXBuildFile; fileRef = E399EA88202F73D700E8CE0E /* CustomSheetsController.swift */; };
		E399EA8B203074DD00E8CE0E /* BibleStudyGeneratorController.swift in Sources */ = {isa = PBXBuildFile; fileRef = E399EA8A203074DD00E8CE0E /* BibleStudyGeneratorController.swift */; };
		E39D29F020308F4E00C1C0D9 /* BibleStudyController.swift in Sources */ = {isa = PBXBuildFile; fileRef = E39D29EF20308F4E00C1C0D9 /* BibleStudyController.swift */; };
		E3A19734200947AB0044DB1B /* SheetTitleImageExtensions.swift in Sources */ = {isa = PBXBuildFile; fileRef = E3A19733200947AB0044DB1B /* SheetTitleImageExtensions.swift */; };
		E3A19736200A76EF0044DB1B /* ViewControllerExtensions.swift in Sources */ = {isa = PBXBuildFile; fileRef = E3A19735200A76EF0044DB1B /* ViewControllerExtensions.swift */; };
		E3BC6BB71FFEBE350039E0CA /* HeaderView.xib in Resources */ = {isa = PBXBuildFile; fileRef = E3BC6BB61FFEBE350039E0CA /* HeaderView.xib */; };
		E3BC6BBA1FFEBECA0039E0CA /* HeaderView.swift in Sources */ = {isa = PBXBuildFile; fileRef = E3BC6BB91FFEBECA0039E0CA /* HeaderView.swift */; };
		E3C2AD102025A5D500ACFFE7 /* MixerView.xib in Resources */ = {isa = PBXBuildFile; fileRef = E3C2AD0F2025A5D500ACFFE7 /* MixerView.xib */; };
		E3C2AD122025A5E900ACFFE7 /* MixerView.swift in Sources */ = {isa = PBXBuildFile; fileRef = E3C2AD112025A5E900ACFFE7 /* MixerView.swift */; };
		E3C2AD172026F26800ACFFE7 /* BassGuitar.mp3 in Resources */ = {isa = PBXBuildFile; fileRef = E3C2AD142026F25F00ACFFE7 /* BassGuitar.mp3 */; };
		E3C2AD182026F26800ACFFE7 /* Drums.mp3 in Resources */ = {isa = PBXBuildFile; fileRef = E3C2AD152026F26000ACFFE7 /* Drums.mp3 */; };
		E3C2AD192026F26800ACFFE7 /* Guitar.mp3 in Resources */ = {isa = PBXBuildFile; fileRef = E3C2AD132026F25F00ACFFE7 /* Guitar.mp3 */; };
		E3C2AD1A2026F26800ACFFE7 /* Piano.mp3 in Resources */ = {isa = PBXBuildFile; fileRef = E3C2AD162026F26000ACFFE7 /* Piano.mp3 */; };
		E3C2AD1C2027491C00ACFFE7 /* SongExtensions.swift in Sources */ = {isa = PBXBuildFile; fileRef = E3C2AD1B2027491C00ACFFE7 /* SongExtensions.swift */; };
		E3C2AD1E202749CD00ACFFE7 /* InstrumentExtensions.swift in Sources */ = {isa = PBXBuildFile; fileRef = E3C2AD1D202749CD00ACFFE7 /* InstrumentExtensions.swift */; };
		E3C2AD2220275AE200ACFFE7 /* InstrumentPlayer.swift in Sources */ = {isa = PBXBuildFile; fileRef = E3C2AD2120275AE200ACFFE7 /* InstrumentPlayer.swift */; };
		E3CB684E2003900D00F007B2 /* Theme.swift in Sources */ = {isa = PBXBuildFile; fileRef = E3CB684D2003900D00F007B2 /* Theme.swift */; };
		E3CB6850200634A600F007B2 /* LoadingIndicator.swift in Sources */ = {isa = PBXBuildFile; fileRef = E3CB684F200634A500F007B2 /* LoadingIndicator.swift */; };
		E3CB6852200634EC00F007B2 /* TimeIntervalExtensions.swift in Sources */ = {isa = PBXBuildFile; fileRef = E3CB6851200634EC00F007B2 /* TimeIntervalExtensions.swift */; };
		E3CB6854200635D600F007B2 /* LoadingViewController.swift in Sources */ = {isa = PBXBuildFile; fileRef = E3CB6853200635D600F007B2 /* LoadingViewController.swift */; };
		E3D12AAF2018EE2100BD060C /* Fetcher.swift in Sources */ = {isa = PBXBuildFile; fileRef = E3D12AAE2018EE2100BD060C /* Fetcher.swift */; };
		E3D12AB12018EE4800BD060C /* FetcherResultTypes.swift in Sources */ = {isa = PBXBuildFile; fileRef = E3D12AB02018EE4800BD060C /* FetcherResultTypes.swift */; };
		E3D1CEE71FF6930600F9D7D9 /* LabelPickerCell.swift in Sources */ = {isa = PBXBuildFile; fileRef = E3D1CEE51FF6930600F9D7D9 /* LabelPickerCell.swift */; };
		E3D1CEE81FF6930600F9D7D9 /* LabelPickerCell.xib in Resources */ = {isa = PBXBuildFile; fileRef = E3D1CEE61FF6930600F9D7D9 /* LabelPickerCell.xib */; };
		E3D9274F1FEC1AFC006EDE75 /* TagsController.swift in Sources */ = {isa = PBXBuildFile; fileRef = E3D9274E1FEC1AFC006EDE75 /* TagsController.swift */; };
		E3D927511FEC3036006EDE75 /* NewOrEditTagController.swift in Sources */ = {isa = PBXBuildFile; fileRef = E3D927501FEC3036006EDE75 /* NewOrEditTagController.swift */; };
		E3D927571FECF622006EDE75 /* ViewExtensions.swift in Sources */ = {isa = PBXBuildFile; fileRef = E3D927561FECF622006EDE75 /* ViewExtensions.swift */; };
		E3F201D6201E04FC002FF06E /* FetcherTimeInterval.swift in Sources */ = {isa = PBXBuildFile; fileRef = E3F201D5201E04FC002FF06E /* FetcherTimeInterval.swift */; };
		E3F201D8201E0685002FF06E /* SheetActivitiesView.xib in Resources */ = {isa = PBXBuildFile; fileRef = E3F201D7201E0685002FF06E /* SheetActivitiesView.xib */; };
		E3F201DA201E0698002FF06E /* SheetActivitiesView.swift in Sources */ = {isa = PBXBuildFile; fileRef = E3F201D9201E0698002FF06E /* SheetActivitiesView.swift */; };
		E3F201DC201E0BD0002FF06E /* ActivityView.xib in Resources */ = {isa = PBXBuildFile; fileRef = E3F201DB201E0BD0002FF06E /* ActivityView.xib */; };
		E3F201DE201E0CC9002FF06E /* ActivityView.swift in Sources */ = {isa = PBXBuildFile; fileRef = E3F201DD201E0CC9002FF06E /* ActivityView.swift */; };
		E3F201E0201E1AEC002FF06E /* DateExtensions.swift in Sources */ = {isa = PBXBuildFile; fileRef = E3F201DF201E1AEC002FF06E /* DateExtensions.swift */; };
		E3F201E2201E2011002FF06E /* ActivityHeader.xib in Resources */ = {isa = PBXBuildFile; fileRef = E3F201E1201E2011002FF06E /* ActivityHeader.xib */; };
		E3F201E4201E206D002FF06E /* ActivityHeader.swift in Sources */ = {isa = PBXBuildFile; fileRef = E3F201E3201E206D002FF06E /* ActivityHeader.swift */; };
		E3F2020E20205BBF002FF06E /* EntityExtensions.swift in Sources */ = {isa = PBXBuildFile; fileRef = E3F2020D20205BBF002FF06E /* EntityExtensions.swift */; };
		E3F421A41FFE457500C332B0 /* LabelDoubleSwitchCell.swift in Sources */ = {isa = PBXBuildFile; fileRef = E3F421A21FFE457500C332B0 /* LabelDoubleSwitchCell.swift */; };
		E3F421A51FFE457500C332B0 /* LabelDoubleSwitchCell.xib in Resources */ = {isa = PBXBuildFile; fileRef = E3F421A31FFE457500C332B0 /* LabelDoubleSwitchCell.xib */; };
		E3F8C9D220168F6F00C94292 /* BibleStudyGeneratorIphoneController.swift in Sources */ = {isa = PBXBuildFile; fileRef = E3F8C9D120168F6F00C94292 /* BibleStudyGeneratorIphoneController.swift */; };
		E3F8C9D4201690FC00C94292 /* BibleStudyIphoneController.swift in Sources */ = {isa = PBXBuildFile; fileRef = E3F8C9D3201690FC00C94292 /* BibleStudyIphoneController.swift */; };
		E3F8C9D82017153A00C94292 /* SheetPickerMenuController.swift in Sources */ = {isa = PBXBuildFile; fileRef = E3F8C9D72017153A00C94292 /* SheetPickerMenuController.swift */; };
		E3F8C9DA20175A8800C94292 /* BibleIndex.swift in Sources */ = {isa = PBXBuildFile; fileRef = E3F8C9D920175A8800C94292 /* BibleIndex.swift */; };
		E3F99646201209F100634C5E /* LabelNumberPickerCell.swift in Sources */ = {isa = PBXBuildFile; fileRef = E3F99644201209F100634C5E /* LabelNumberPickerCell.swift */; };
		E3F99647201209F100634C5E /* LabelNumberPickerCell.xib in Resources */ = {isa = PBXBuildFile; fileRef = E3F99645201209F100634C5E /* LabelNumberPickerCell.xib */; };
		E3F9964A201285CD00634C5E /* AddButtonCollectionCell.swift in Sources */ = {isa = PBXBuildFile; fileRef = E3F99648201285CD00634C5E /* AddButtonCollectionCell.swift */; };
		E3F9964B201285CD00634C5E /* AddButtonCollectionCell.xib in Resources */ = {isa = PBXBuildFile; fileRef = E3F99649201285CD00634C5E /* AddButtonCollectionCell.xib */; };
		E3FA3DF5200D45F00038C97B /* NewOrEditIphoneController.swift in Sources */ = {isa = PBXBuildFile; fileRef = E3FA3DF4200D45F00038C97B /* NewOrEditIphoneController.swift */; };
		E3FA3DF8200DE8570038C97B /* LabelTextView.swift in Sources */ = {isa = PBXBuildFile; fileRef = E3FA3DF6200DE8570038C97B /* LabelTextView.swift */; };
		E3FA3DF9200DE8570038C97B /* LabelTextView.xib in Resources */ = {isa = PBXBuildFile; fileRef = E3FA3DF7200DE8570038C97B /* LabelTextView.xib */; };
		E7226C9E497B8BF49AA031B2 /* Pods_SongProjector.framework in Frameworks */ = {isa = PBXBuildFile; fileRef = 95070415C3C6BD5B7639F73A /* Pods_SongProjector.framework */; };
/* End PBXBuildFile section */

/* Begin PBXFileReference section */
		346D1C5C5532C9E10C448104 /* Pods-SongProjector.debug.xcconfig */ = {isa = PBXFileReference; includeInIndex = 1; lastKnownFileType = text.xcconfig; name = "Pods-SongProjector.debug.xcconfig"; path = "Pods/Target Support Files/Pods-SongProjector/Pods-SongProjector.debug.xcconfig"; sourceTree = "<group>"; };
		8300EFE78A26AC2834037C54 /* Pods-SongProjector.release.xcconfig */ = {isa = PBXFileReference; includeInIndex = 1; lastKnownFileType = text.xcconfig; name = "Pods-SongProjector.release.xcconfig"; path = "Pods/Target Support Files/Pods-SongProjector/Pods-SongProjector.release.xcconfig"; sourceTree = "<group>"; };
		95070415C3C6BD5B7639F73A /* Pods_SongProjector.framework */ = {isa = PBXFileReference; explicitFileType = wrapper.framework; includeInIndex = 0; path = Pods_SongProjector.framework; sourceTree = BUILT_PRODUCTS_DIR; };
		E309DCE51FF26CB700C3D135 /* NewSongServiceIphoneController.swift */ = {isa = PBXFileReference; lastKnownFileType = sourcecode.swift; path = NewSongServiceIphoneController.swift; sourceTree = "<group>"; };
		E309DCE71FF44E6A00C3D135 /* TagsIphoneController.swift */ = {isa = PBXFileReference; lastKnownFileType = sourcecode.swift; path = TagsIphoneController.swift; sourceTree = "<group>"; };
		E309DCE91FF45A8A00C3D135 /* MoreSplitViewController.swift */ = {isa = PBXFileReference; lastKnownFileType = sourcecode.swift; path = MoreSplitViewController.swift; sourceTree = "<group>"; };
		E309DCF11FF48F0800C3D135 /* LabelSwitchCell.swift */ = {isa = PBXFileReference; lastKnownFileType = sourcecode.swift; path = LabelSwitchCell.swift; sourceTree = "<group>"; };
		E309DCF21FF48F0800C3D135 /* LabelSwitchCell.xib */ = {isa = PBXFileReference; lastKnownFileType = file.xib; path = LabelSwitchCell.xib; sourceTree = "<group>"; };
		E309DCF51FF48FF100C3D135 /* LabelColorPickerCell.swift */ = {isa = PBXFileReference; lastKnownFileType = sourcecode.swift; path = LabelColorPickerCell.swift; sourceTree = "<group>"; };
		E309DCF61FF48FF100C3D135 /* LabelColorPickerCell.xib */ = {isa = PBXFileReference; lastKnownFileType = file.xib; path = LabelColorPickerCell.xib; sourceTree = "<group>"; };
		E309DCF91FF4954100C3D135 /* TagExtensions.swift */ = {isa = PBXFileReference; lastKnownFileType = sourcecode.swift; path = TagExtensions.swift; sourceTree = "<group>"; };
		E309DCFC1FF4FC9E00C3D135 /* TextFieldCell.swift */ = {isa = PBXFileReference; fileEncoding = 4; lastKnownFileType = sourcecode.swift; path = TextFieldCell.swift; sourceTree = "<group>"; };
		E309DD001FF5127400C3D135 /* LabelNumberCell.swift */ = {isa = PBXFileReference; lastKnownFileType = sourcecode.swift; path = LabelNumberCell.swift; sourceTree = "<group>"; };
		E309DD011FF5127400C3D135 /* LabelNumberCell.xib */ = {isa = PBXFileReference; lastKnownFileType = file.xib; path = LabelNumberCell.xib; sourceTree = "<group>"; };
		E309DD041FF5179B00C3D135 /* Cells.swift */ = {isa = PBXFileReference; lastKnownFileType = sourcecode.swift; path = Cells.swift; sourceTree = "<group>"; };
		E311712D1FE59DA3008D9D51 /* SongProjector.app */ = {isa = PBXFileReference; explicitFileType = wrapper.application; includeInIndex = 0; path = SongProjector.app; sourceTree = BUILT_PRODUCTS_DIR; };
		E31171301FE59DA3008D9D51 /* AppDelegate.swift */ = {isa = PBXFileReference; lastKnownFileType = sourcecode.swift; path = AppDelegate.swift; sourceTree = "<group>"; };
		E31171321FE59DA3008D9D51 /* ViewController.swift */ = {isa = PBXFileReference; lastKnownFileType = sourcecode.swift; path = ViewController.swift; sourceTree = "<group>"; };
		E31171351FE59DA3008D9D51 /* Base */ = {isa = PBXFileReference; lastKnownFileType = file.storyboard; name = Base; path = Base.lproj/Main.storyboard; sourceTree = "<group>"; };
		E31171381FE59DA3008D9D51 /* SongProjector.xcdatamodel */ = {isa = PBXFileReference; lastKnownFileType = wrapper.xcdatamodel; path = SongProjector.xcdatamodel; sourceTree = "<group>"; };
		E311713A1FE59DA3008D9D51 /* Assets.xcassets */ = {isa = PBXFileReference; lastKnownFileType = folder.assetcatalog; path = Assets.xcassets; sourceTree = "<group>"; };
		E311713D1FE59DA3008D9D51 /* Base */ = {isa = PBXFileReference; lastKnownFileType = file.storyboard; name = Base; path = Base.lproj/LaunchScreen.storyboard; sourceTree = "<group>"; };
		E311713F1FE59DA3008D9D51 /* Info.plist */ = {isa = PBXFileReference; lastKnownFileType = text.plist.xml; path = Info.plist; sourceTree = "<group>"; };
		E31171481FE59EBD008D9D51 /* CoreDataManager.swift */ = {isa = PBXFileReference; lastKnownFileType = sourcecode.swift; path = CoreDataManager.swift; sourceTree = "<group>"; };
		E311714B1FE5A071008D9D51 /* UITableViewExtensions.swift */ = {isa = PBXFileReference; fileEncoding = 4; lastKnownFileType = sourcecode.swift; path = UITableViewExtensions.swift; sourceTree = "<group>"; };
		E311714C1FE5A071008D9D51 /* StringExtensions.swift */ = {isa = PBXFileReference; fileEncoding = 4; lastKnownFileType = sourcecode.swift; path = StringExtensions.swift; sourceTree = "<group>"; };
		E311714D1FE5A071008D9D51 /* ArrayExtensions.swift */ = {isa = PBXFileReference; fileEncoding = 4; lastKnownFileType = sourcecode.swift; path = ArrayExtensions.swift; sourceTree = "<group>"; };
		E311714E1FE5A071008D9D51 /* UIColorExtension.swift */ = {isa = PBXFileReference; fileEncoding = 4; lastKnownFileType = sourcecode.swift; path = UIColorExtension.swift; sourceTree = "<group>"; };
		E311714F1FE5A071008D9D51 /* UIFontExtensions.swift */ = {isa = PBXFileReference; fileEncoding = 4; lastKnownFileType = sourcecode.swift; path = UIFontExtensions.swift; sourceTree = "<group>"; };
		E31171501FE5A071008D9D51 /* NSManagedObjectExtension.swift */ = {isa = PBXFileReference; fileEncoding = 4; lastKnownFileType = sourcecode.swift; path = NSManagedObjectExtension.swift; sourceTree = "<group>"; };
		E31171581FE5A0A3008D9D51 /* Notifications.swift */ = {isa = PBXFileReference; fileEncoding = 4; lastKnownFileType = sourcecode.swift; path = Notifications.swift; sourceTree = "<group>"; };
		E31171591FE5A0A3008D9D51 /* Features.swift */ = {isa = PBXFileReference; fileEncoding = 4; lastKnownFileType = sourcecode.swift; path = Features.swift; sourceTree = "<group>"; };
		E311715C1FE5A0E7008D9D51 /* MenuController.swift */ = {isa = PBXFileReference; fileEncoding = 4; lastKnownFileType = sourcecode.swift; path = MenuController.swift; sourceTree = "<group>"; };
		E311715D1FE5A0E7008D9D51 /* PlayersController.swift */ = {isa = PBXFileReference; fileEncoding = 4; lastKnownFileType = sourcecode.swift; path = PlayersController.swift; sourceTree = "<group>"; };
		E311715E1FE5A0E7008D9D51 /* SongServiceController.swift */ = {isa = PBXFileReference; fileEncoding = 4; lastKnownFileType = sourcecode.swift; path = SongServiceController.swift; sourceTree = "<group>"; };
		E311715F1FE5A0E7008D9D51 /* MoreController.swift */ = {isa = PBXFileReference; fileEncoding = 4; lastKnownFileType = sourcecode.swift; path = MoreController.swift; sourceTree = "<group>"; };
		E31171601FE5A0E7008D9D51 /* SongsController.swift */ = {isa = PBXFileReference; fileEncoding = 4; lastKnownFileType = sourcecode.swift; path = SongsController.swift; sourceTree = "<group>"; };
		E31171611FE5A0E7008D9D51 /* NewSongController.swift */ = {isa = PBXFileReference; fileEncoding = 4; lastKnownFileType = sourcecode.swift; path = NewSongController.swift; sourceTree = "<group>"; };
		E31171621FE5A0E7008D9D51 /* NewSongServiceController.swift */ = {isa = PBXFileReference; fileEncoding = 4; lastKnownFileType = sourcecode.swift; path = NewSongServiceController.swift; sourceTree = "<group>"; };
		E31171631FE5A0E7008D9D51 /* SplashScreen.swift */ = {isa = PBXFileReference; fileEncoding = 4; lastKnownFileType = sourcecode.swift; path = SplashScreen.swift; sourceTree = "<group>"; };
		E311716D1FE5A1A0008D9D51 /* BasicCell.swift */ = {isa = PBXFileReference; fileEncoding = 4; lastKnownFileType = sourcecode.swift; path = BasicCell.swift; sourceTree = "<group>"; };
		E311716E1FE5A1A0008D9D51 /* BasicCell.xib */ = {isa = PBXFileReference; fileEncoding = 4; lastKnownFileType = file.xib; path = BasicCell.xib; sourceTree = "<group>"; };
		E311716F1FE5A1A0008D9D51 /* NewSongSheetCell.swift */ = {isa = PBXFileReference; fileEncoding = 4; lastKnownFileType = sourcecode.swift; path = NewSongSheetCell.swift; sourceTree = "<group>"; };
		E31171701FE5A1A0008D9D51 /* TagCellCollection.xib */ = {isa = PBXFileReference; fileEncoding = 4; lastKnownFileType = file.xib; path = TagCellCollection.xib; sourceTree = "<group>"; };
		E31171711FE5A1A0008D9D51 /* AddButtonCell.swift */ = {isa = PBXFileReference; fileEncoding = 4; lastKnownFileType = sourcecode.swift; path = AddButtonCell.swift; sourceTree = "<group>"; };
		E31171721FE5A1A0008D9D51 /* AddButtonCell.xib */ = {isa = PBXFileReference; fileEncoding = 4; lastKnownFileType = file.xib; path = AddButtonCell.xib; sourceTree = "<group>"; };
		E31171731FE5A1A0008D9D51 /* TagCellCollection.swift */ = {isa = PBXFileReference; fileEncoding = 4; lastKnownFileType = sourcecode.swift; path = TagCellCollection.swift; sourceTree = "<group>"; };
		E31171741FE5A1A0008D9D51 /* NewSongSheetCell.xib */ = {isa = PBXFileReference; fileEncoding = 4; lastKnownFileType = file.xib; path = NewSongSheetCell.xib; sourceTree = "<group>"; };
		E311717D1FE5A5F5008D9D51 /* StoryboardiPad.storyboard */ = {isa = PBXFileReference; lastKnownFileType = file.storyboard; path = StoryboardiPad.storyboard; sourceTree = "<group>"; };
		E311A44720725B72007BB6CB /* ImportBibleController.swift */ = {isa = PBXFileReference; lastKnownFileType = sourcecode.swift; path = ImportBibleController.swift; sourceTree = "<group>"; };
		E311A4492072733A007BB6CB /* LoadingBibleController.swift */ = {isa = PBXFileReference; lastKnownFileType = sourcecode.swift; path = LoadingBibleController.swift; sourceTree = "<group>"; };
		E31F87BC1FE7035D00D5D4BA /* Text.swift */ = {isa = PBXFileReference; lastKnownFileType = sourcecode.swift; path = Text.swift; sourceTree = "<group>"; };
		E326E9031FFEC9EC00FEAC9C /* CustomSheetsIphoneController.swift */ = {isa = PBXFileReference; lastKnownFileType = sourcecode.swift; path = CustomSheetsIphoneController.swift; sourceTree = "<group>"; };
		E326E9051FFECD0E00FEAC9C /* SheetCollectionCell.swift */ = {isa = PBXFileReference; lastKnownFileType = sourcecode.swift; path = SheetCollectionCell.swift; sourceTree = "<group>"; };
		E326E9061FFECD0E00FEAC9C /* SheetCollectionCell.xib */ = {isa = PBXFileReference; lastKnownFileType = file.xib; path = SheetCollectionCell.xib; sourceTree = "<group>"; };
		E32D4D6420017E0100ED81A7 /* EditSongIphoneController.swift */ = {isa = PBXFileReference; lastKnownFileType = sourcecode.swift; path = EditSongIphoneController.swift; sourceTree = "<group>"; };
		E3314B6520077DD100F470C0 /* SheetExtensions.swift */ = {isa = PBXFileReference; lastKnownFileType = sourcecode.swift; path = SheetExtensions.swift; sourceTree = "<group>"; };
		E3314B672007836D00F470C0 /* SheetView.swift */ = {isa = PBXFileReference; lastKnownFileType = sourcecode.swift; path = SheetView.swift; sourceTree = "<group>"; };
		E33268BB2022241E002CDA7C /* SongsMenuController.swift */ = {isa = PBXFileReference; lastKnownFileType = sourcecode.swift; path = SongsMenuController.swift; sourceTree = "<group>"; };
		E33268BD2022FCD2002CDA7C /* SoundPlayer.swift */ = {isa = PBXFileReference; lastKnownFileType = sourcecode.swift; path = SoundPlayer.swift; sourceTree = "<group>"; };
		E3355D6E1FEDA645004C03AE /* TextViewExtensions.swift */ = {isa = PBXFileReference; lastKnownFileType = sourcecode.swift; path = TextViewExtensions.swift; sourceTree = "<group>"; };
		E3355D701FEE6436004C03AE /* ClusterExtensions.swift */ = {isa = PBXFileReference; lastKnownFileType = sourcecode.swift; path = ClusterExtensions.swift; sourceTree = "<group>"; };
		E3481755201B0A5D0021D39B /* GoogleService-Info.plist */ = {isa = PBXFileReference; fileEncoding = 4; lastKnownFileType = text.plist.xml; path = "GoogleService-Info.plist"; sourceTree = "<group>"; };
		E34ED29A2008D62300534C72 /* SheetSplit.xib */ = {isa = PBXFileReference; lastKnownFileType = file.xib; path = SheetSplit.xib; sourceTree = "<group>"; };
		E34ED29C2008D63700534C72 /* SheetSplit.swift */ = {isa = PBXFileReference; lastKnownFileType = sourcecode.swift; path = SheetSplit.swift; sourceTree = "<group>"; };
		E356F2A61FF666E5002A3F3A /* ChromaColorPicker.framework */ = {isa = PBXFileReference; explicitFileType = wrapper.framework; path = ChromaColorPicker.framework; sourceTree = BUILT_PRODUCTS_DIR; };
		E36F41651FEE8CDA00E989E5 /* SongServiceIphoneController.swift */ = {isa = PBXFileReference; lastKnownFileType = sourcecode.swift; path = SongServiceIphoneController.swift; sourceTree = "<group>"; };
		E36F41671FEE965200E989E5 /* NewSongIphoneController.swift */ = {isa = PBXFileReference; lastKnownFileType = sourcecode.swift; path = NewSongIphoneController.swift; sourceTree = "<group>"; };
		E37137BC205EBB8300DF86F1 /* LabelSliderCell.swift */ = {isa = PBXFileReference; lastKnownFileType = sourcecode.swift; path = LabelSliderCell.swift; sourceTree = "<group>"; };
		E37137BD205EBB8300DF86F1 /* LabelSliderCell.xib */ = {isa = PBXFileReference; lastKnownFileType = file.xib; path = LabelSliderCell.xib; sourceTree = "<group>"; };
		E3812DE6201C972B00F10B2C /* SettingsController.swift */ = {isa = PBXFileReference; lastKnownFileType = sourcecode.swift; path = SettingsController.swift; sourceTree = "<group>"; };
		E3812DE8201C992300F10B2C /* GoogleCell.swift */ = {isa = PBXFileReference; lastKnownFileType = sourcecode.swift; path = GoogleCell.swift; sourceTree = "<group>"; };
		E3812DE9201C992300F10B2C /* GoogleCell.xib */ = {isa = PBXFileReference; lastKnownFileType = file.xib; path = GoogleCell.xib; sourceTree = "<group>"; };
		E3812DEC201CE1D300F10B2C /* GoogleActivityFetcher.swift */ = {isa = PBXFileReference; lastKnownFileType = sourcecode.swift; path = GoogleActivityFetcher.swift; sourceTree = "<group>"; };
		E38347561FF7AAC9008AE69D /* LabelTextFieldCell.swift */ = {isa = PBXFileReference; lastKnownFileType = sourcecode.swift; path = LabelTextFieldCell.swift; sourceTree = "<group>"; };
		E38347571FF7AAC9008AE69D /* LabelTextFieldCell.xib */ = {isa = PBXFileReference; lastKnownFileType = file.xib; path = LabelTextFieldCell.xib; sourceTree = "<group>"; };
		E383475A1FF7DADD008AE69D /* LabelImagePicker.swift */ = {isa = PBXFileReference; lastKnownFileType = sourcecode.swift; path = LabelImagePicker.swift; sourceTree = "<group>"; };
		E383475B1FF7DADD008AE69D /* LabelImagePicker.xib */ = {isa = PBXFileReference; lastKnownFileType = file.xib; path = LabelImagePicker.xib; sourceTree = "<group>"; };
		E383475E1FF7E8B5008AE69D /* LabelPhotoPickerCell.swift */ = {isa = PBXFileReference; lastKnownFileType = sourcecode.swift; path = LabelPhotoPickerCell.swift; sourceTree = "<group>"; };
		E383475F1FF7E8B5008AE69D /* LabelPhotoPickerCell.xib */ = {isa = PBXFileReference; lastKnownFileType = file.xib; path = LabelPhotoPickerCell.xib; sourceTree = "<group>"; };
		E38347621FF8434D008AE69D /* ImageExtensions.swift */ = {isa = PBXFileReference; lastKnownFileType = sourcecode.swift; path = ImageExtensions.swift; sourceTree = "<group>"; };
		E38347641FF9382F008AE69D /* ExternalDisplayController.swift */ = {isa = PBXFileReference; lastKnownFileType = sourcecode.swift; path = ExternalDisplayController.swift; sourceTree = "<group>"; };
		E38347661FFA5099008AE69D /* SheetTitleContent.xib */ = {isa = PBXFileReference; lastKnownFileType = file.xib; path = SheetTitleContent.xib; sourceTree = "<group>"; };
		E38347681FFA512D008AE69D /* SheetTitleContent.swift */ = {isa = PBXFileReference; lastKnownFileType = sourcecode.swift; path = SheetTitleContent.swift; sourceTree = "<group>"; };
		E393B7642008D20B0073D0A9 /* SheetEmpty.xib */ = {isa = PBXFileReference; lastKnownFileType = file.xib; path = SheetEmpty.xib; sourceTree = "<group>"; };
		E393B7662008D25F0073D0A9 /* SheetEmpty.swift */ = {isa = PBXFileReference; lastKnownFileType = sourcecode.swift; path = SheetEmpty.swift; sourceTree = "<group>"; };
		E393B7682008D3FC0073D0A9 /* SheetTitleImage.xib */ = {isa = PBXFileReference; lastKnownFileType = file.xib; path = SheetTitleImage.xib; sourceTree = "<group>"; };
		E393B76A2008D40A0073D0A9 /* SheetTitleImage.swift */ = {isa = PBXFileReference; lastKnownFileType = sourcecode.swift; path = SheetTitleImage.swift; sourceTree = "<group>"; };
		E39864CF209747E900DF5199 /* awsconfiguration.json */ = {isa = PBXFileReference; fileEncoding = 4; lastKnownFileType = text.json; path = awsconfiguration.json; sourceTree = "<group>"; };
		E399EA86202F574600E8CE0E /* NewSongMenuController.swift */ = {isa = PBXFileReference; lastKnownFileType = sourcecode.swift; path = NewSongMenuController.swift; sourceTree = "<group>"; };
		E399EA88202F73D700E8CE0E /* CustomSheetsController.swift */ = {isa = PBXFileReference; lastKnownFileType = sourcecode.swift; path = CustomSheetsController.swift; sourceTree = "<group>"; };
		E399EA8A203074DD00E8CE0E /* BibleStudyGeneratorController.swift */ = {isa = PBXFileReference; lastKnownFileType = sourcecode.swift; path = BibleStudyGeneratorController.swift; sourceTree = "<group>"; };
		E39D29EF20308F4E00C1C0D9 /* BibleStudyController.swift */ = {isa = PBXFileReference; lastKnownFileType = sourcecode.swift; path = BibleStudyController.swift; sourceTree = "<group>"; };
		E3A19733200947AB0044DB1B /* SheetTitleImageExtensions.swift */ = {isa = PBXFileReference; lastKnownFileType = sourcecode.swift; path = SheetTitleImageExtensions.swift; sourceTree = "<group>"; };
		E3A19735200A76EF0044DB1B /* ViewControllerExtensions.swift */ = {isa = PBXFileReference; lastKnownFileType = sourcecode.swift; path = ViewControllerExtensions.swift; sourceTree = "<group>"; };
		E3BC6BB61FFEBE350039E0CA /* HeaderView.xib */ = {isa = PBXFileReference; lastKnownFileType = file.xib; path = HeaderView.xib; sourceTree = "<group>"; };
		E3BC6BB91FFEBECA0039E0CA /* HeaderView.swift */ = {isa = PBXFileReference; lastKnownFileType = sourcecode.swift; path = HeaderView.swift; sourceTree = "<group>"; };
		E3C2AD0F2025A5D500ACFFE7 /* MixerView.xib */ = {isa = PBXFileReference; lastKnownFileType = file.xib; path = MixerView.xib; sourceTree = "<group>"; };
		E3C2AD112025A5E900ACFFE7 /* MixerView.swift */ = {isa = PBXFileReference; lastKnownFileType = sourcecode.swift; path = MixerView.swift; sourceTree = "<group>"; };
		E3C2AD132026F25F00ACFFE7 /* Guitar.mp3 */ = {isa = PBXFileReference; lastKnownFileType = audio.mp3; path = Guitar.mp3; sourceTree = "<group>"; };
		E3C2AD142026F25F00ACFFE7 /* BassGuitar.mp3 */ = {isa = PBXFileReference; lastKnownFileType = audio.mp3; path = BassGuitar.mp3; sourceTree = "<group>"; };
		E3C2AD152026F26000ACFFE7 /* Drums.mp3 */ = {isa = PBXFileReference; lastKnownFileType = audio.mp3; path = Drums.mp3; sourceTree = "<group>"; };
		E3C2AD162026F26000ACFFE7 /* Piano.mp3 */ = {isa = PBXFileReference; lastKnownFileType = audio.mp3; path = Piano.mp3; sourceTree = "<group>"; };
		E3C2AD1B2027491C00ACFFE7 /* SongExtensions.swift */ = {isa = PBXFileReference; lastKnownFileType = sourcecode.swift; path = SongExtensions.swift; sourceTree = "<group>"; };
		E3C2AD1D202749CD00ACFFE7 /* InstrumentExtensions.swift */ = {isa = PBXFileReference; lastKnownFileType = sourcecode.swift; path = InstrumentExtensions.swift; sourceTree = "<group>"; };
		E3C2AD2120275AE200ACFFE7 /* InstrumentPlayer.swift */ = {isa = PBXFileReference; lastKnownFileType = sourcecode.swift; path = InstrumentPlayer.swift; sourceTree = "<group>"; };
		E3CB684D2003900D00F007B2 /* Theme.swift */ = {isa = PBXFileReference; lastKnownFileType = sourcecode.swift; path = Theme.swift; sourceTree = "<group>"; };
		E3CB684F200634A500F007B2 /* LoadingIndicator.swift */ = {isa = PBXFileReference; lastKnownFileType = sourcecode.swift; path = LoadingIndicator.swift; sourceTree = "<group>"; };
		E3CB6851200634EC00F007B2 /* TimeIntervalExtensions.swift */ = {isa = PBXFileReference; lastKnownFileType = sourcecode.swift; path = TimeIntervalExtensions.swift; sourceTree = "<group>"; };
		E3CB6853200635D600F007B2 /* LoadingViewController.swift */ = {isa = PBXFileReference; lastKnownFileType = sourcecode.swift; path = LoadingViewController.swift; sourceTree = "<group>"; };
		E3D12AAE2018EE2100BD060C /* Fetcher.swift */ = {isa = PBXFileReference; lastKnownFileType = sourcecode.swift; path = Fetcher.swift; sourceTree = "<group>"; };
		E3D12AB02018EE4800BD060C /* FetcherResultTypes.swift */ = {isa = PBXFileReference; lastKnownFileType = sourcecode.swift; path = FetcherResultTypes.swift; sourceTree = "<group>"; };
		E3D12AB22019BFEB00BD060C /* BridgingHeader.h */ = {isa = PBXFileReference; lastKnownFileType = sourcecode.c.h; path = BridgingHeader.h; sourceTree = "<group>"; };
		E3D18C6F20238BDC00CBAAF6 /* KDEAudioPlayer.framework */ = {isa = PBXFileReference; explicitFileType = wrapper.framework; path = KDEAudioPlayer.framework; sourceTree = BUILT_PRODUCTS_DIR; };
		E3D1CEE51FF6930600F9D7D9 /* LabelPickerCell.swift */ = {isa = PBXFileReference; lastKnownFileType = sourcecode.swift; path = LabelPickerCell.swift; sourceTree = "<group>"; };
		E3D1CEE61FF6930600F9D7D9 /* LabelPickerCell.xib */ = {isa = PBXFileReference; lastKnownFileType = file.xib; path = LabelPickerCell.xib; sourceTree = "<group>"; };
		E3D9274E1FEC1AFC006EDE75 /* TagsController.swift */ = {isa = PBXFileReference; lastKnownFileType = sourcecode.swift; path = TagsController.swift; sourceTree = "<group>"; };
		E3D927501FEC3036006EDE75 /* NewOrEditTagController.swift */ = {isa = PBXFileReference; lastKnownFileType = sourcecode.swift; path = NewOrEditTagController.swift; sourceTree = "<group>"; };
		E3D927561FECF622006EDE75 /* ViewExtensions.swift */ = {isa = PBXFileReference; lastKnownFileType = sourcecode.swift; path = ViewExtensions.swift; sourceTree = "<group>"; };
		E3F201D5201E04FC002FF06E /* FetcherTimeInterval.swift */ = {isa = PBXFileReference; lastKnownFileType = sourcecode.swift; path = FetcherTimeInterval.swift; sourceTree = "<group>"; };
		E3F201D7201E0685002FF06E /* SheetActivitiesView.xib */ = {isa = PBXFileReference; lastKnownFileType = file.xib; path = SheetActivitiesView.xib; sourceTree = "<group>"; };
		E3F201D9201E0698002FF06E /* SheetActivitiesView.swift */ = {isa = PBXFileReference; lastKnownFileType = sourcecode.swift; path = SheetActivitiesView.swift; sourceTree = "<group>"; };
		E3F201DB201E0BD0002FF06E /* ActivityView.xib */ = {isa = PBXFileReference; lastKnownFileType = file.xib; path = ActivityView.xib; sourceTree = "<group>"; };
		E3F201DD201E0CC9002FF06E /* ActivityView.swift */ = {isa = PBXFileReference; lastKnownFileType = sourcecode.swift; path = ActivityView.swift; sourceTree = "<group>"; };
		E3F201DF201E1AEC002FF06E /* DateExtensions.swift */ = {isa = PBXFileReference; lastKnownFileType = sourcecode.swift; path = DateExtensions.swift; sourceTree = "<group>"; };
		E3F201E1201E2011002FF06E /* ActivityHeader.xib */ = {isa = PBXFileReference; lastKnownFileType = file.xib; path = ActivityHeader.xib; sourceTree = "<group>"; };
		E3F201E3201E206D002FF06E /* ActivityHeader.swift */ = {isa = PBXFileReference; lastKnownFileType = sourcecode.swift; path = ActivityHeader.swift; sourceTree = "<group>"; };
		E3F2020D20205BBF002FF06E /* EntityExtensions.swift */ = {isa = PBXFileReference; lastKnownFileType = sourcecode.swift; path = EntityExtensions.swift; sourceTree = "<group>"; };
		E3F421A21FFE457500C332B0 /* LabelDoubleSwitchCell.swift */ = {isa = PBXFileReference; lastKnownFileType = sourcecode.swift; path = LabelDoubleSwitchCell.swift; sourceTree = "<group>"; };
		E3F421A31FFE457500C332B0 /* LabelDoubleSwitchCell.xib */ = {isa = PBXFileReference; lastKnownFileType = file.xib; path = LabelDoubleSwitchCell.xib; sourceTree = "<group>"; };
		E3F8C9D120168F6F00C94292 /* BibleStudyGeneratorIphoneController.swift */ = {isa = PBXFileReference; lastKnownFileType = sourcecode.swift; path = BibleStudyGeneratorIphoneController.swift; sourceTree = "<group>"; };
		E3F8C9D3201690FC00C94292 /* BibleStudyIphoneController.swift */ = {isa = PBXFileReference; lastKnownFileType = sourcecode.swift; path = BibleStudyIphoneController.swift; sourceTree = "<group>"; };
		E3F8C9D72017153A00C94292 /* SheetPickerMenuController.swift */ = {isa = PBXFileReference; lastKnownFileType = sourcecode.swift; path = SheetPickerMenuController.swift; sourceTree = "<group>"; };
		E3F8C9D920175A8800C94292 /* BibleIndex.swift */ = {isa = PBXFileReference; lastKnownFileType = sourcecode.swift; path = BibleIndex.swift; sourceTree = "<group>"; };
		E3F99644201209F100634C5E /* LabelNumberPickerCell.swift */ = {isa = PBXFileReference; lastKnownFileType = sourcecode.swift; path = LabelNumberPickerCell.swift; sourceTree = "<group>"; };
		E3F99645201209F100634C5E /* LabelNumberPickerCell.xib */ = {isa = PBXFileReference; lastKnownFileType = file.xib; path = LabelNumberPickerCell.xib; sourceTree = "<group>"; };
		E3F99648201285CD00634C5E /* AddButtonCollectionCell.swift */ = {isa = PBXFileReference; lastKnownFileType = sourcecode.swift; path = AddButtonCollectionCell.swift; sourceTree = "<group>"; };
		E3F99649201285CD00634C5E /* AddButtonCollectionCell.xib */ = {isa = PBXFileReference; lastKnownFileType = file.xib; path = AddButtonCollectionCell.xib; sourceTree = "<group>"; };
		E3FA3DF4200D45F00038C97B /* NewOrEditIphoneController.swift */ = {isa = PBXFileReference; lastKnownFileType = sourcecode.swift; path = NewOrEditIphoneController.swift; sourceTree = "<group>"; };
		E3FA3DF6200DE8570038C97B /* LabelTextView.swift */ = {isa = PBXFileReference; lastKnownFileType = sourcecode.swift; path = LabelTextView.swift; sourceTree = "<group>"; };
		E3FA3DF7200DE8570038C97B /* LabelTextView.xib */ = {isa = PBXFileReference; lastKnownFileType = file.xib; path = LabelTextView.xib; sourceTree = "<group>"; };
/* End PBXFileReference section */

/* Begin PBXFrameworksBuildPhase section */
		E311712A1FE59DA3008D9D51 /* Frameworks */ = {
			isa = PBXFrameworksBuildPhase;
			buildActionMask = 2147483647;
			files = (
				E7226C9E497B8BF49AA031B2 /* Pods_SongProjector.framework in Frameworks */,
			);
			runOnlyForDeploymentPostprocessing = 0;
		};
/* End PBXFrameworksBuildPhase section */

/* Begin PBXGroup section */
		9768F81D7D85F2A651153E7A /* Frameworks */ = {
			isa = PBXGroup;
			children = (
				E3D18C6F20238BDC00CBAAF6 /* KDEAudioPlayer.framework */,
				E356F2A61FF666E5002A3F3A /* ChromaColorPicker.framework */,
				95070415C3C6BD5B7639F73A /* Pods_SongProjector.framework */,
			);
			name = Frameworks;
			sourceTree = "<group>";
		};
		9E801383107459EF5C7A7BE0 /* Pods */ = {
			isa = PBXGroup;
			children = (
				346D1C5C5532C9E10C448104 /* Pods-SongProjector.debug.xcconfig */,
				8300EFE78A26AC2834037C54 /* Pods-SongProjector.release.xcconfig */,
			);
			name = Pods;
			sourceTree = "<group>";
		};
		E31171241FE59DA3008D9D51 = {
			isa = PBXGroup;
			children = (
				E311712F1FE59DA3008D9D51 /* SongProjector */,
				E311714A1FE5A04A008D9D51 /* Extensions */,
				E311712E1FE59DA3008D9D51 /* Products */,
				9E801383107459EF5C7A7BE0 /* Pods */,
				9768F81D7D85F2A651153E7A /* Frameworks */,
			);
			sourceTree = "<group>";
		};
		E311712E1FE59DA3008D9D51 /* Products */ = {
			isa = PBXGroup;
			children = (
				E311712D1FE59DA3008D9D51 /* SongProjector.app */,
			);
			name = Products;
			sourceTree = "<group>";
		};
		E311712F1FE59DA3008D9D51 /* SongProjector */ = {
			isa = PBXGroup;
			children = (
				E3C2AD142026F25F00ACFFE7 /* BassGuitar.mp3 */,
				E3C2AD152026F26000ACFFE7 /* Drums.mp3 */,
				E3C2AD132026F25F00ACFFE7 /* Guitar.mp3 */,
				E3C2AD162026F26000ACFFE7 /* Piano.mp3 */,
				E33268BD2022FCD2002CDA7C /* SoundPlayer.swift */,
				E3C2AD2120275AE200ACFFE7 /* InstrumentPlayer.swift */,
				E3D12AA22018E9E500BD060C /* Fetchers */,
				E31171571FE5A09A008D9D51 /* Global */,
				E31171471FE59EA5008D9D51 /* Controller */,
				E31171451FE59E98008D9D51 /* Model */,
				E31171461FE59E9F008D9D51 /* View */,
				E31171341FE59DA3008D9D51 /* Main.storyboard */,
				E31171321FE59DA3008D9D51 /* ViewController.swift */,
				E311713C1FE59DA3008D9D51 /* LaunchScreen.storyboard */,
				E39864CF209747E900DF5199 /* awsconfiguration.json */,
				E311713F1FE59DA3008D9D51 /* Info.plist */,
				E3481755201B0A5D0021D39B /* GoogleService-Info.plist */,
				E311713A1FE59DA3008D9D51 /* Assets.xcassets */,
				E31171371FE59DA3008D9D51 /* SongProjector.xcdatamodeld */,
			);
			path = SongProjector;
			sourceTree = "<group>";
		};
		E31171451FE59E98008D9D51 /* Model */ = {
			isa = PBXGroup;
			children = (
				E31171481FE59EBD008D9D51 /* CoreDataManager.swift */,
				E3355D701FEE6436004C03AE /* ClusterExtensions.swift */,
				E309DCF91FF4954100C3D135 /* TagExtensions.swift */,
				E3314B6520077DD100F470C0 /* SheetExtensions.swift */,
				E3A19733200947AB0044DB1B /* SheetTitleImageExtensions.swift */,
				E3F2020D20205BBF002FF06E /* EntityExtensions.swift */,
				E3C2AD1B2027491C00ACFFE7 /* SongExtensions.swift */,
				E3C2AD1D202749CD00ACFFE7 /* InstrumentExtensions.swift */,
			);
			path = Model;
			sourceTree = "<group>";
		};
		E31171461FE59E9F008D9D51 /* View */ = {
			isa = PBXGroup;
			children = (
				E3BC6BB81FFEBEA80039E0CA /* View */,
				E311716C1FE5A162008D9D51 /* Cells */,
				E311717D1FE5A5F5008D9D51 /* StoryboardiPad.storyboard */,
			);
			path = View;
			sourceTree = "<group>";
		};
		E31171471FE59EA5008D9D51 /* Controller */ = {
			isa = PBXGroup;
			children = (
				E36F41621FEE8C4C00E989E5 /* iPhone */,
				E31171631FE5A0E7008D9D51 /* SplashScreen.swift */,
				E311715C1FE5A0E7008D9D51 /* MenuController.swift */,
				E311715F1FE5A0E7008D9D51 /* MoreController.swift */,
				E311715E1FE5A0E7008D9D51 /* SongServiceController.swift */,
				E31171621FE5A0E7008D9D51 /* NewSongServiceController.swift */,
				E31171601FE5A0E7008D9D51 /* SongsController.swift */,
				E31171611FE5A0E7008D9D51 /* NewSongController.swift */,
				E311715D1FE5A0E7008D9D51 /* PlayersController.swift */,
				E3D9274E1FEC1AFC006EDE75 /* TagsController.swift */,
				E3D927501FEC3036006EDE75 /* NewOrEditTagController.swift */,
				E309DCE91FF45A8A00C3D135 /* MoreSplitViewController.swift */,
				E38347641FF9382F008AE69D /* ExternalDisplayController.swift */,
				E3CB684F200634A500F007B2 /* LoadingIndicator.swift */,
				E3CB6853200635D600F007B2 /* LoadingViewController.swift */,
				E399EA86202F574600E8CE0E /* NewSongMenuController.swift */,
				E399EA88202F73D700E8CE0E /* CustomSheetsController.swift */,
				E399EA8A203074DD00E8CE0E /* BibleStudyGeneratorController.swift */,
				E39D29EF20308F4E00C1C0D9 /* BibleStudyController.swift */,
				E311A4492072733A007BB6CB /* LoadingBibleController.swift */,
			);
			path = Controller;
			sourceTree = "<group>";
		};
		E311714A1FE5A04A008D9D51 /* Extensions */ = {
			isa = PBXGroup;
			children = (
				E311714D1FE5A071008D9D51 /* ArrayExtensions.swift */,
				E31171501FE5A071008D9D51 /* NSManagedObjectExtension.swift */,
				E311714C1FE5A071008D9D51 /* StringExtensions.swift */,
				E311714E1FE5A071008D9D51 /* UIColorExtension.swift */,
				E311714F1FE5A071008D9D51 /* UIFontExtensions.swift */,
				E311714B1FE5A071008D9D51 /* UITableViewExtensions.swift */,
				E3D927561FECF622006EDE75 /* ViewExtensions.swift */,
				E3355D6E1FEDA645004C03AE /* TextViewExtensions.swift */,
				E38347621FF8434D008AE69D /* ImageExtensions.swift */,
				E3CB6851200634EC00F007B2 /* TimeIntervalExtensions.swift */,
				E3A19735200A76EF0044DB1B /* ViewControllerExtensions.swift */,
				E3F201DF201E1AEC002FF06E /* DateExtensions.swift */,
			);
			path = Extensions;
			sourceTree = "<group>";
		};
		E31171571FE5A09A008D9D51 /* Global */ = {
			isa = PBXGroup;
			children = (
				E31171301FE59DA3008D9D51 /* AppDelegate.swift */,
				E3D12AB22019BFEB00BD060C /* BridgingHeader.h */,
				E31171591FE5A0A3008D9D51 /* Features.swift */,
				E31171581FE5A0A3008D9D51 /* Notifications.swift */,
				E31F87BC1FE7035D00D5D4BA /* Text.swift */,
				E309DD041FF5179B00C3D135 /* Cells.swift */,
				E3CB684D2003900D00F007B2 /* Theme.swift */,
				E3F8C9D920175A8800C94292 /* BibleIndex.swift */,
			);
			path = Global;
			sourceTree = "<group>";
		};
		E311716C1FE5A162008D9D51 /* Cells */ = {
			isa = PBXGroup;
			children = (
				E3F99648201285CD00634C5E /* AddButtonCollectionCell.swift */,
				E3F99649201285CD00634C5E /* AddButtonCollectionCell.xib */,
				E326E9051FFECD0E00FEAC9C /* SheetCollectionCell.swift */,
				E326E9061FFECD0E00FEAC9C /* SheetCollectionCell.xib */,
				E31171731FE5A1A0008D9D51 /* TagCellCollection.swift */,
				E31171701FE5A1A0008D9D51 /* TagCellCollection.xib */,
				E309DCFC1FF4FC9E00C3D135 /* TextFieldCell.swift */,
				E31171711FE5A1A0008D9D51 /* AddButtonCell.swift */,
				E31171721FE5A1A0008D9D51 /* AddButtonCell.xib */,
				E311716D1FE5A1A0008D9D51 /* BasicCell.swift */,
				E311716E1FE5A1A0008D9D51 /* BasicCell.xib */,
				E311716F1FE5A1A0008D9D51 /* NewSongSheetCell.swift */,
				E31171741FE5A1A0008D9D51 /* NewSongSheetCell.xib */,
				E309DCF11FF48F0800C3D135 /* LabelSwitchCell.swift */,
				E309DCF21FF48F0800C3D135 /* LabelSwitchCell.xib */,
				E309DCF51FF48FF100C3D135 /* LabelColorPickerCell.swift */,
				E309DCF61FF48FF100C3D135 /* LabelColorPickerCell.xib */,
				E309DD001FF5127400C3D135 /* LabelNumberCell.swift */,
				E309DD011FF5127400C3D135 /* LabelNumberCell.xib */,
				E3D1CEE51FF6930600F9D7D9 /* LabelPickerCell.swift */,
				E3D1CEE61FF6930600F9D7D9 /* LabelPickerCell.xib */,
				E38347561FF7AAC9008AE69D /* LabelTextFieldCell.swift */,
				E38347571FF7AAC9008AE69D /* LabelTextFieldCell.xib */,
				E383475A1FF7DADD008AE69D /* LabelImagePicker.swift */,
				E383475B1FF7DADD008AE69D /* LabelImagePicker.xib */,
				E383475E1FF7E8B5008AE69D /* LabelPhotoPickerCell.swift */,
				E383475F1FF7E8B5008AE69D /* LabelPhotoPickerCell.xib */,
				E3F421A21FFE457500C332B0 /* LabelDoubleSwitchCell.swift */,
				E3F421A31FFE457500C332B0 /* LabelDoubleSwitchCell.xib */,
				E3FA3DF6200DE8570038C97B /* LabelTextView.swift */,
				E3FA3DF7200DE8570038C97B /* LabelTextView.xib */,
				E3F99644201209F100634C5E /* LabelNumberPickerCell.swift */,
				E3F99645201209F100634C5E /* LabelNumberPickerCell.xib */,
				E3812DE8201C992300F10B2C /* GoogleCell.swift */,
				E3812DE9201C992300F10B2C /* GoogleCell.xib */,
				E37137BC205EBB8300DF86F1 /* LabelSliderCell.swift */,
				E37137BD205EBB8300DF86F1 /* LabelSliderCell.xib */,
			);
			path = Cells;
			sourceTree = "<group>";
		};
		E36F41621FEE8C4C00E989E5 /* iPhone */ = {
			isa = PBXGroup;
			children = (
				E36F41651FEE8CDA00E989E5 /* SongServiceIphoneController.swift */,
				E309DCE51FF26CB700C3D135 /* NewSongServiceIphoneController.swift */,
				E36F41671FEE965200E989E5 /* NewSongIphoneController.swift */,
				E309DCE71FF44E6A00C3D135 /* TagsIphoneController.swift */,
				E326E9031FFEC9EC00FEAC9C /* CustomSheetsIphoneController.swift */,
				E32D4D6420017E0100ED81A7 /* EditSongIphoneController.swift */,
				E3FA3DF4200D45F00038C97B /* NewOrEditIphoneController.swift */,
				E3F8C9D120168F6F00C94292 /* BibleStudyGeneratorIphoneController.swift */,
				E3F8C9D3201690FC00C94292 /* BibleStudyIphoneController.swift */,
				E3F8C9D72017153A00C94292 /* SheetPickerMenuController.swift */,
				E3812DE6201C972B00F10B2C /* SettingsController.swift */,
				E33268BB2022241E002CDA7C /* SongsMenuController.swift */,
				E311A44720725B72007BB6CB /* ImportBibleController.swift */,
			);
			path = iPhone;
			sourceTree = "<group>";
		};
		E3BC6BB81FFEBEA80039E0CA /* View */ = {
			isa = PBXGroup;
			children = (
				E3BC6BB61FFEBE350039E0CA /* HeaderView.xib */,
				E3BC6BB91FFEBECA0039E0CA /* HeaderView.swift */,
				E3314B672007836D00F470C0 /* SheetView.swift */,
				E38347661FFA5099008AE69D /* SheetTitleContent.xib */,
				E38347681FFA512D008AE69D /* SheetTitleContent.swift */,
				E393B7682008D3FC0073D0A9 /* SheetTitleImage.xib */,
				E393B76A2008D40A0073D0A9 /* SheetTitleImage.swift */,
				E34ED29A2008D62300534C72 /* SheetSplit.xib */,
				E34ED29C2008D63700534C72 /* SheetSplit.swift */,
				E393B7642008D20B0073D0A9 /* SheetEmpty.xib */,
				E393B7662008D25F0073D0A9 /* SheetEmpty.swift */,
				E3F201D7201E0685002FF06E /* SheetActivitiesView.xib */,
				E3F201D9201E0698002FF06E /* SheetActivitiesView.swift */,
				E3F201DB201E0BD0002FF06E /* ActivityView.xib */,
				E3F201DD201E0CC9002FF06E /* ActivityView.swift */,
				E3F201E1201E2011002FF06E /* ActivityHeader.xib */,
				E3F201E3201E206D002FF06E /* ActivityHeader.swift */,
				E3C2AD0F2025A5D500ACFFE7 /* MixerView.xib */,
				E3C2AD112025A5E900ACFFE7 /* MixerView.swift */,
			);
			path = View;
			sourceTree = "<group>";
		};
		E3D12AA22018E9E500BD060C /* Fetchers */ = {
			isa = PBXGroup;
			children = (
				E3D12AAE2018EE2100BD060C /* Fetcher.swift */,
				E3D12AB02018EE4800BD060C /* FetcherResultTypes.swift */,
				E3812DEC201CE1D300F10B2C /* GoogleActivityFetcher.swift */,
				E3F201D5201E04FC002FF06E /* FetcherTimeInterval.swift */,
			);
			path = Fetchers;
			sourceTree = "<group>";
		};
/* End PBXGroup section */

/* Begin PBXNativeTarget section */
		E311712C1FE59DA3008D9D51 /* SongProjector */ = {
			isa = PBXNativeTarget;
			buildConfigurationList = E31171421FE59DA3008D9D51 /* Build configuration list for PBXNativeTarget "SongProjector" */;
			buildPhases = (
				2A7C5EC398116AF4EF597B50 /* [CP] Check Pods Manifest.lock */,
				E31171291FE59DA3008D9D51 /* Sources */,
				E311712A1FE59DA3008D9D51 /* Frameworks */,
				E311712B1FE59DA3008D9D51 /* Resources */,
				A1D6DF58A5DD76A980375230 /* [CP] Embed Pods Frameworks */,
				D9C89D994473F36604D78A92 /* [CP] Copy Pods Resources */,
			);
			buildRules = (
			);
			dependencies = (
			);
			name = SongProjector;
			productName = SongProjector;
			productReference = E311712D1FE59DA3008D9D51 /* SongProjector.app */;
			productType = "com.apple.product-type.application";
		};
/* End PBXNativeTarget section */

/* Begin PBXProject section */
		E31171251FE59DA3008D9D51 /* Project object */ = {
			isa = PBXProject;
			attributes = {
				LastSwiftUpdateCheck = 0910;
				LastUpgradeCheck = 0910;
				ORGANIZATIONNAME = iozee;
				TargetAttributes = {
					E311712C1FE59DA3008D9D51 = {
						CreatedOnToolsVersion = 9.1;
						ProvisioningStyle = Automatic;
						SystemCapabilities = {
							com.apple.BackgroundModes = {
								enabled = 1;
							};
						};
					};
				};
			};
			buildConfigurationList = E31171281FE59DA3008D9D51 /* Build configuration list for PBXProject "ChurchBeam" */;
			compatibilityVersion = "Xcode 8.0";
			developmentRegion = en;
			hasScannedForEncodings = 0;
			knownRegions = (
				en,
				Base,
			);
			mainGroup = E31171241FE59DA3008D9D51;
			productRefGroup = E311712E1FE59DA3008D9D51 /* Products */;
			projectDirPath = "";
			projectRoot = "";
			targets = (
				E311712C1FE59DA3008D9D51 /* SongProjector */,
			);
		};
/* End PBXProject section */

/* Begin PBXResourcesBuildPhase section */
		E311712B1FE59DA3008D9D51 /* Resources */ = {
			isa = PBXResourcesBuildPhase;
			buildActionMask = 2147483647;
			files = (
				E31171761FE5A1A0008D9D51 /* BasicCell.xib in Resources */,
				E3C2AD172026F26800ACFFE7 /* BassGuitar.mp3 in Resources */,
				E38347611FF7E8B5008AE69D /* LabelPhotoPickerCell.xib in Resources */,
				E3812DEB201C992300F10B2C /* GoogleCell.xib in Resources */,
				E34ED29B2008D62300534C72 /* SheetSplit.xib in Resources */,
				E31171781FE5A1A0008D9D51 /* TagCellCollection.xib in Resources */,
				E3F201E2201E2011002FF06E /* ActivityHeader.xib in Resources */,
				E38347671FFA5099008AE69D /* SheetTitleContent.xib in Resources */,
				E383475D1FF7DADD008AE69D /* LabelImagePicker.xib in Resources */,
				E311713E1FE59DA3008D9D51 /* LaunchScreen.storyboard in Resources */,
				E311713B1FE59DA3008D9D51 /* Assets.xcassets in Resources */,
				E309DCF81FF48FF100C3D135 /* LabelColorPickerCell.xib in Resources */,
				E309DD031FF5127400C3D135 /* LabelNumberCell.xib in Resources */,
				E3D1CEE81FF6930600F9D7D9 /* LabelPickerCell.xib in Resources */,
				E3C2AD192026F26800ACFFE7 /* Guitar.mp3 in Resources */,
				E3F9964B201285CD00634C5E /* AddButtonCollectionCell.xib in Resources */,
				E3F201DC201E0BD0002FF06E /* ActivityView.xib in Resources */,
				E3BC6BB71FFEBE350039E0CA /* HeaderView.xib in Resources */,
				E3F201D8201E0685002FF06E /* SheetActivitiesView.xib in Resources */,
				E3C2AD1A2026F26800ACFFE7 /* Piano.mp3 in Resources */,
				E3481756201B0A5D0021D39B /* GoogleService-Info.plist in Resources */,
				E393B7652008D20B0073D0A9 /* SheetEmpty.xib in Resources */,
				E31171361FE59DA3008D9D51 /* Main.storyboard in Resources */,
				E39864D0209747E900DF5199 /* awsconfiguration.json in Resources */,
				E309DCF41FF48F0800C3D135 /* LabelSwitchCell.xib in Resources */,
				E3F421A51FFE457500C332B0 /* LabelDoubleSwitchCell.xib in Resources */,
				E3C2AD182026F26800ACFFE7 /* Drums.mp3 in Resources */,
				E311717A1FE5A1A0008D9D51 /* AddButtonCell.xib in Resources */,
				E37137BF205EBB8300DF86F1 /* LabelSliderCell.xib in Resources */,
				E3F99647201209F100634C5E /* LabelNumberPickerCell.xib in Resources */,
				E3FA3DF9200DE8570038C97B /* LabelTextView.xib in Resources */,
				E393B7692008D3FC0073D0A9 /* SheetTitleImage.xib in Resources */,
				E311717C1FE5A1A0008D9D51 /* NewSongSheetCell.xib in Resources */,
				E326E9081FFECD0E00FEAC9C /* SheetCollectionCell.xib in Resources */,
				E38347591FF7AAC9008AE69D /* LabelTextFieldCell.xib in Resources */,
				E3C2AD102025A5D500ACFFE7 /* MixerView.xib in Resources */,
				E311717E1FE5A5F5008D9D51 /* StoryboardiPad.storyboard in Resources */,
			);
			runOnlyForDeploymentPostprocessing = 0;
		};
/* End PBXResourcesBuildPhase section */

/* Begin PBXShellScriptBuildPhase section */
		2A7C5EC398116AF4EF597B50 /* [CP] Check Pods Manifest.lock */ = {
			isa = PBXShellScriptBuildPhase;
			buildActionMask = 2147483647;
			files = (
			);
			inputPaths = (
				"${PODS_PODFILE_DIR_PATH}/Podfile.lock",
				"${PODS_ROOT}/Manifest.lock",
			);
			name = "[CP] Check Pods Manifest.lock";
			outputPaths = (
				"$(DERIVED_FILE_DIR)/Pods-SongProjector-checkManifestLockResult.txt",
			);
			runOnlyForDeploymentPostprocessing = 0;
			shellPath = /bin/sh;
			shellScript = "diff \"${PODS_PODFILE_DIR_PATH}/Podfile.lock\" \"${PODS_ROOT}/Manifest.lock\" > /dev/null\nif [ $? != 0 ] ; then\n    # print error to STDERR\n    echo \"error: The sandbox is not in sync with the Podfile.lock. Run 'pod install' or update your CocoaPods installation.\" >&2\n    exit 1\nfi\n# This output is used by Xcode 'outputs' to avoid re-running this script phase.\necho \"SUCCESS\" > \"${SCRIPT_OUTPUT_FILE_0}\"\n";
			showEnvVarsInLog = 0;
		};
		A1D6DF58A5DD76A980375230 /* [CP] Embed Pods Frameworks */ = {
			isa = PBXShellScriptBuildPhase;
			buildActionMask = 2147483647;
			files = (
			);
			inputPaths = (
				"${SRCROOT}/Pods/Target Support Files/Pods-SongProjector/Pods-SongProjector-frameworks.sh",
				"${BUILT_PRODUCTS_DIR}/ChromaColorPicker/ChromaColorPicker.framework",
				"${BUILT_PRODUCTS_DIR}/GPUImage/GPUImage.framework",
				"${BUILT_PRODUCTS_DIR}/GTMOAuth2/GTMOAuth2.framework",
				"${BUILT_PRODUCTS_DIR}/GTMSessionFetcher/GTMSessionFetcher.framework",
				"${BUILT_PRODUCTS_DIR}/GoogleAPIClientForREST/GoogleAPIClientForREST.framework",
				"${BUILT_PRODUCTS_DIR}/GoogleToolboxForMac/GoogleToolboxForMac.framework",
				"${BUILT_PRODUCTS_DIR}/SwiftOCR/SwiftOCR.framework",
				"${BUILT_PRODUCTS_DIR}/VerticalSlider/VerticalSlider.framework",
			);
			name = "[CP] Embed Pods Frameworks";
			outputPaths = (
				"${TARGET_BUILD_DIR}/${FRAMEWORKS_FOLDER_PATH}/ChromaColorPicker.framework",
				"${TARGET_BUILD_DIR}/${FRAMEWORKS_FOLDER_PATH}/GPUImage.framework",
				"${TARGET_BUILD_DIR}/${FRAMEWORKS_FOLDER_PATH}/GTMOAuth2.framework",
				"${TARGET_BUILD_DIR}/${FRAMEWORKS_FOLDER_PATH}/GTMSessionFetcher.framework",
				"${TARGET_BUILD_DIR}/${FRAMEWORKS_FOLDER_PATH}/GoogleAPIClientForREST.framework",
				"${TARGET_BUILD_DIR}/${FRAMEWORKS_FOLDER_PATH}/GoogleToolboxForMac.framework",
				"${TARGET_BUILD_DIR}/${FRAMEWORKS_FOLDER_PATH}/SwiftOCR.framework",
				"${TARGET_BUILD_DIR}/${FRAMEWORKS_FOLDER_PATH}/VerticalSlider.framework",
			);
			runOnlyForDeploymentPostprocessing = 0;
			shellPath = /bin/sh;
			shellScript = "\"${SRCROOT}/Pods/Target Support Files/Pods-SongProjector/Pods-SongProjector-frameworks.sh\"\n";
			showEnvVarsInLog = 0;
		};
		D9C89D994473F36604D78A92 /* [CP] Copy Pods Resources */ = {
			isa = PBXShellScriptBuildPhase;
			buildActionMask = 2147483647;
			files = (
			);
			inputPaths = (
				"${SRCROOT}/Pods/Target Support Files/Pods-SongProjector/Pods-SongProjector-resources.sh",
				"${PODS_ROOT}/GoogleSignIn/Resources/GoogleSignIn.bundle",
			);
			name = "[CP] Copy Pods Resources";
			outputPaths = (
				"${TARGET_BUILD_DIR}/${UNLOCALIZED_RESOURCES_FOLDER_PATH}",
			);
			runOnlyForDeploymentPostprocessing = 0;
			shellPath = /bin/sh;
			shellScript = "\"${SRCROOT}/Pods/Target Support Files/Pods-SongProjector/Pods-SongProjector-resources.sh\"\n";
			showEnvVarsInLog = 0;
		};
/* End PBXShellScriptBuildPhase section */

/* Begin PBXSourcesBuildPhase section */
		E31171291FE59DA3008D9D51 /* Sources */ = {
			isa = PBXSourcesBuildPhase;
			buildActionMask = 2147483647;
			files = (
				E383475C1FF7DADD008AE69D /* LabelImagePicker.swift in Sources */,
				E3F201E0201E1AEC002FF06E /* DateExtensions.swift in Sources */,
				E33268BE2022FCD2002CDA7C /* SoundPlayer.swift in Sources */,
				E3C2AD122025A5E900ACFFE7 /* MixerView.swift in Sources */,
				E3F201DA201E0698002FF06E /* SheetActivitiesView.swift in Sources */,
				E311716B1FE5A0E7008D9D51 /* SplashScreen.swift in Sources */,
				E3D12AB12018EE4800BD060C /* FetcherResultTypes.swift in Sources */,
				E3314B682007836D00F470C0 /* SheetView.swift in Sources */,
				E36F41661FEE8CDA00E989E5 /* SongServiceIphoneController.swift in Sources */,
				E3C2AD1E202749CD00ACFFE7 /* InstrumentExtensions.swift in Sources */,
				E311715B1FE5A0A3008D9D51 /* Features.swift in Sources */,
				E309DCF31FF48F0800C3D135 /* LabelSwitchCell.swift in Sources */,
				E309DD051FF5179B00C3D135 /* Cells.swift in Sources */,
				E31171521FE5A071008D9D51 /* StringExtensions.swift in Sources */,
				E3F421A41FFE457500C332B0 /* LabelDoubleSwitchCell.swift in Sources */,
				E309DCFD1FF4FC9E00C3D135 /* TextFieldCell.swift in Sources */,
				E3812DE7201C972B00F10B2C /* SettingsController.swift in Sources */,
				E399EA87202F574600E8CE0E /* NewSongMenuController.swift in Sources */,
				E309DCFA1FF4954100C3D135 /* TagExtensions.swift in Sources */,
				E309DCEA1FF45A8A00C3D135 /* MoreSplitViewController.swift in Sources */,
				E3F8C9D220168F6F00C94292 /* BibleStudyGeneratorIphoneController.swift in Sources */,
				E31171511FE5A071008D9D51 /* UITableViewExtensions.swift in Sources */,
				E3F99646201209F100634C5E /* LabelNumberPickerCell.swift in Sources */,
				E393B76B2008D40A0073D0A9 /* SheetTitleImage.swift in Sources */,
				E38347581FF7AAC9008AE69D /* LabelTextFieldCell.swift in Sources */,
				E31171691FE5A0E7008D9D51 /* NewSongController.swift in Sources */,
				E399EA89202F73D700E8CE0E /* CustomSheetsController.swift in Sources */,
				E3F8C9D4201690FC00C94292 /* BibleStudyIphoneController.swift in Sources */,
				E311A44820725B72007BB6CB /* ImportBibleController.swift in Sources */,
				E31171791FE5A1A0008D9D51 /* AddButtonCell.swift in Sources */,
				E309DCE61FF26CB700C3D135 /* NewSongServiceIphoneController.swift in Sources */,
				E3C2AD1C2027491C00ACFFE7 /* SongExtensions.swift in Sources */,
				E3355D711FEE6436004C03AE /* ClusterExtensions.swift in Sources */,
				E31F87BD1FE7035D00D5D4BA /* Text.swift in Sources */,
				E311715A1FE5A0A3008D9D51 /* Notifications.swift in Sources */,
				E36F41681FEE965200E989E5 /* NewSongIphoneController.swift in Sources */,
				E38347631FF8434D008AE69D /* ImageExtensions.swift in Sources */,
				E31171531FE5A071008D9D51 /* ArrayExtensions.swift in Sources */,
				E3F8C9DA20175A8800C94292 /* BibleIndex.swift in Sources */,
				E311716A1FE5A0E7008D9D51 /* NewSongServiceController.swift in Sources */,
				E31171541FE5A071008D9D51 /* UIColorExtension.swift in Sources */,
				E311717B1FE5A1A0008D9D51 /* TagCellCollection.swift in Sources */,
				E31171671FE5A0E7008D9D51 /* MoreController.swift in Sources */,
				E3CB6854200635D600F007B2 /* LoadingViewController.swift in Sources */,
				E38347651FF9382F008AE69D /* ExternalDisplayController.swift in Sources */,
				E3A19736200A76EF0044DB1B /* ViewControllerExtensions.swift in Sources */,
				E326E9041FFEC9EC00FEAC9C /* CustomSheetsIphoneController.swift in Sources */,
				E31171651FE5A0E7008D9D51 /* PlayersController.swift in Sources */,
				E3F8C9D82017153A00C94292 /* SheetPickerMenuController.swift in Sources */,
				E31171771FE5A1A0008D9D51 /* NewSongSheetCell.swift in Sources */,
				E3812DED201CE1D300F10B2C /* GoogleActivityFetcher.swift in Sources */,
				E31171331FE59DA3008D9D51 /* ViewController.swift in Sources */,
				E31171311FE59DA3008D9D51 /* AppDelegate.swift in Sources */,
				E38347601FF7E8B5008AE69D /* LabelPhotoPickerCell.swift in Sources */,
				E31171491FE59EBD008D9D51 /* CoreDataManager.swift in Sources */,
				E311A44A2072733A007BB6CB /* LoadingBibleController.swift in Sources */,
				E399EA8B203074DD00E8CE0E /* BibleStudyGeneratorController.swift in Sources */,
				E309DCF71FF48FF100C3D135 /* LabelColorPickerCell.swift in Sources */,
				E3A19734200947AB0044DB1B /* SheetTitleImageExtensions.swift in Sources */,
				E3314B6620077DD100F470C0 /* SheetExtensions.swift in Sources */,
				E3CB6850200634A600F007B2 /* LoadingIndicator.swift in Sources */,
				E3F201DE201E0CC9002FF06E /* ActivityView.swift in Sources */,
				E32D4D6520017E0100ED81A7 /* EditSongIphoneController.swift in Sources */,
				E309DCE81FF44E6A00C3D135 /* TagsIphoneController.swift in Sources */,
				E31171391FE59DA3008D9D51 /* SongProjector.xcdatamodeld in Sources */,
				E326E9071FFECD0E00FEAC9C /* SheetCollectionCell.swift in Sources */,
				E3F9964A201285CD00634C5E /* AddButtonCollectionCell.swift in Sources */,
				E3812DEA201C992300F10B2C /* GoogleCell.swift in Sources */,
				E3D927571FECF622006EDE75 /* ViewExtensions.swift in Sources */,
				E3CB684E2003900D00F007B2 /* Theme.swift in Sources */,
				E3C2AD2220275AE200ACFFE7 /* InstrumentPlayer.swift in Sources */,
				E39D29F020308F4E00C1C0D9 /* BibleStudyController.swift in Sources */,
				E3D12AAF2018EE2100BD060C /* Fetcher.swift in Sources */,
				E3D927511FEC3036006EDE75 /* NewOrEditTagController.swift in Sources */,
				E31171551FE5A071008D9D51 /* UIFontExtensions.swift in Sources */,
				E3355D6F1FEDA645004C03AE /* TextViewExtensions.swift in Sources */,
				E3FA3DF8200DE8570038C97B /* LabelTextView.swift in Sources */,
				E31171661FE5A0E7008D9D51 /* SongServiceController.swift in Sources */,
				E3CB6852200634EC00F007B2 /* TimeIntervalExtensions.swift in Sources */,
				E33268BC2022241E002CDA7C /* SongsMenuController.swift in Sources */,
				E3F201E4201E206D002FF06E /* ActivityHeader.swift in Sources */,
				E3FA3DF5200D45F00038C97B /* NewOrEditIphoneController.swift in Sources */,
				E3F2020E20205BBF002FF06E /* EntityExtensions.swift in Sources */,
				E3F201D6201E04FC002FF06E /* FetcherTimeInterval.swift in Sources */,
				E31171641FE5A0E7008D9D51 /* MenuController.swift in Sources */,
				E37137BE205EBB8300DF86F1 /* LabelSliderCell.swift in Sources */,
				E393B7672008D25F0073D0A9 /* SheetEmpty.swift in Sources */,
				E3D1CEE71FF6930600F9D7D9 /* LabelPickerCell.swift in Sources */,
				E309DD021FF5127400C3D135 /* LabelNumberCell.swift in Sources */,
				E31171681FE5A0E7008D9D51 /* SongsController.swift in Sources */,
				E31171751FE5A1A0008D9D51 /* BasicCell.swift in Sources */,
				E3D9274F1FEC1AFC006EDE75 /* TagsController.swift in Sources */,
				E31171561FE5A071008D9D51 /* NSManagedObjectExtension.swift in Sources */,
				E34ED29D2008D63700534C72 /* SheetSplit.swift in Sources */,
				E38347691FFA512D008AE69D /* SheetTitleContent.swift in Sources */,
				E3BC6BBA1FFEBECA0039E0CA /* HeaderView.swift in Sources */,
			);
			runOnlyForDeploymentPostprocessing = 0;
		};
/* End PBXSourcesBuildPhase section */

/* Begin PBXVariantGroup section */
		E31171341FE59DA3008D9D51 /* Main.storyboard */ = {
			isa = PBXVariantGroup;
			children = (
				E31171351FE59DA3008D9D51 /* Base */,
			);
			name = Main.storyboard;
			sourceTree = "<group>";
		};
		E311713C1FE59DA3008D9D51 /* LaunchScreen.storyboard */ = {
			isa = PBXVariantGroup;
			children = (
				E311713D1FE59DA3008D9D51 /* Base */,
			);
			name = LaunchScreen.storyboard;
			sourceTree = "<group>";
		};
/* End PBXVariantGroup section */

/* Begin XCBuildConfiguration section */
		E31171401FE59DA3008D9D51 /* Debug */ = {
			isa = XCBuildConfiguration;
			buildSettings = {
				ALWAYS_SEARCH_USER_PATHS = NO;
				CLANG_ANALYZER_NONNULL = YES;
				CLANG_ANALYZER_NUMBER_OBJECT_CONVERSION = YES_AGGRESSIVE;
				CLANG_CXX_LANGUAGE_STANDARD = "gnu++14";
				CLANG_CXX_LIBRARY = "libc++";
				CLANG_ENABLE_MODULES = YES;
				CLANG_ENABLE_OBJC_ARC = YES;
				CLANG_WARN_BLOCK_CAPTURE_AUTORELEASING = YES;
				CLANG_WARN_BOOL_CONVERSION = YES;
				CLANG_WARN_COMMA = YES;
				CLANG_WARN_CONSTANT_CONVERSION = YES;
				CLANG_WARN_DIRECT_OBJC_ISA_USAGE = YES_ERROR;
				CLANG_WARN_DOCUMENTATION_COMMENTS = YES;
				CLANG_WARN_EMPTY_BODY = YES;
				CLANG_WARN_ENUM_CONVERSION = YES;
				CLANG_WARN_INFINITE_RECURSION = YES;
				CLANG_WARN_INT_CONVERSION = YES;
				CLANG_WARN_NON_LITERAL_NULL_CONVERSION = YES;
				CLANG_WARN_OBJC_LITERAL_CONVERSION = YES;
				CLANG_WARN_OBJC_ROOT_CLASS = YES_ERROR;
				CLANG_WARN_RANGE_LOOP_ANALYSIS = YES;
				CLANG_WARN_STRICT_PROTOTYPES = YES;
				CLANG_WARN_SUSPICIOUS_MOVE = YES;
				CLANG_WARN_UNGUARDED_AVAILABILITY = YES_AGGRESSIVE;
				CLANG_WARN_UNREACHABLE_CODE = YES;
				CLANG_WARN__DUPLICATE_METHOD_MATCH = YES;
				CODE_SIGN_IDENTITY = "iPhone Developer";
				COPY_PHASE_STRIP = NO;
				DEBUG_INFORMATION_FORMAT = dwarf;
				ENABLE_STRICT_OBJC_MSGSEND = YES;
				ENABLE_TESTABILITY = YES;
				GCC_C_LANGUAGE_STANDARD = gnu11;
				GCC_DYNAMIC_NO_PIC = NO;
				GCC_NO_COMMON_BLOCKS = YES;
				GCC_OPTIMIZATION_LEVEL = 0;
				GCC_PREPROCESSOR_DEFINITIONS = (
					"DEBUG=1",
					"$(inherited)",
				);
				GCC_WARN_64_TO_32_BIT_CONVERSION = YES;
				GCC_WARN_ABOUT_RETURN_TYPE = YES_ERROR;
				GCC_WARN_UNDECLARED_SELECTOR = YES;
				GCC_WARN_UNINITIALIZED_AUTOS = YES_AGGRESSIVE;
				GCC_WARN_UNUSED_FUNCTION = YES;
				GCC_WARN_UNUSED_VARIABLE = YES;
				IPHONEOS_DEPLOYMENT_TARGET = 11.1;
				MTL_ENABLE_DEBUG_INFO = YES;
				ONLY_ACTIVE_ARCH = YES;
				SDKROOT = iphoneos;
				SWIFT_ACTIVE_COMPILATION_CONDITIONS = DEBUG;
				SWIFT_OPTIMIZATION_LEVEL = "-Onone";
			};
			name = Debug;
		};
		E31171411FE59DA3008D9D51 /* Release */ = {
			isa = XCBuildConfiguration;
			buildSettings = {
				ALWAYS_SEARCH_USER_PATHS = NO;
				CLANG_ANALYZER_NONNULL = YES;
				CLANG_ANALYZER_NUMBER_OBJECT_CONVERSION = YES_AGGRESSIVE;
				CLANG_CXX_LANGUAGE_STANDARD = "gnu++14";
				CLANG_CXX_LIBRARY = "libc++";
				CLANG_ENABLE_MODULES = YES;
				CLANG_ENABLE_OBJC_ARC = YES;
				CLANG_WARN_BLOCK_CAPTURE_AUTORELEASING = YES;
				CLANG_WARN_BOOL_CONVERSION = YES;
				CLANG_WARN_COMMA = YES;
				CLANG_WARN_CONSTANT_CONVERSION = YES;
				CLANG_WARN_DIRECT_OBJC_ISA_USAGE = YES_ERROR;
				CLANG_WARN_DOCUMENTATION_COMMENTS = YES;
				CLANG_WARN_EMPTY_BODY = YES;
				CLANG_WARN_ENUM_CONVERSION = YES;
				CLANG_WARN_INFINITE_RECURSION = YES;
				CLANG_WARN_INT_CONVERSION = YES;
				CLANG_WARN_NON_LITERAL_NULL_CONVERSION = YES;
				CLANG_WARN_OBJC_LITERAL_CONVERSION = YES;
				CLANG_WARN_OBJC_ROOT_CLASS = YES_ERROR;
				CLANG_WARN_RANGE_LOOP_ANALYSIS = YES;
				CLANG_WARN_STRICT_PROTOTYPES = YES;
				CLANG_WARN_SUSPICIOUS_MOVE = YES;
				CLANG_WARN_UNGUARDED_AVAILABILITY = YES_AGGRESSIVE;
				CLANG_WARN_UNREACHABLE_CODE = YES;
				CLANG_WARN__DUPLICATE_METHOD_MATCH = YES;
				CODE_SIGN_IDENTITY = "iPhone Developer";
				COPY_PHASE_STRIP = NO;
				DEBUG_INFORMATION_FORMAT = "dwarf-with-dsym";
				ENABLE_NS_ASSERTIONS = NO;
				ENABLE_STRICT_OBJC_MSGSEND = YES;
				GCC_C_LANGUAGE_STANDARD = gnu11;
				GCC_NO_COMMON_BLOCKS = YES;
				GCC_WARN_64_TO_32_BIT_CONVERSION = YES;
				GCC_WARN_ABOUT_RETURN_TYPE = YES_ERROR;
				GCC_WARN_UNDECLARED_SELECTOR = YES;
				GCC_WARN_UNINITIALIZED_AUTOS = YES_AGGRESSIVE;
				GCC_WARN_UNUSED_FUNCTION = YES;
				GCC_WARN_UNUSED_VARIABLE = YES;
				IPHONEOS_DEPLOYMENT_TARGET = 11.1;
				MTL_ENABLE_DEBUG_INFO = NO;
				SDKROOT = iphoneos;
				SWIFT_OPTIMIZATION_LEVEL = "-Owholemodule";
				VALIDATE_PRODUCT = YES;
			};
			name = Release;
		};
		E31171431FE59DA3008D9D51 /* Debug */ = {
			isa = XCBuildConfiguration;
			baseConfigurationReference = 346D1C5C5532C9E10C448104 /* Pods-SongProjector.debug.xcconfig */;
			buildSettings = {
				ASSETCATALOG_COMPILER_APPICON_NAME = AppIcon;
				CODE_SIGN_STYLE = Automatic;
				DEVELOPMENT_TEAM = LXU7BA48AY;
				INFOPLIST_FILE = SongProjector/Info.plist;
				LD_RUNPATH_SEARCH_PATHS = "$(inherited) @executable_path/Frameworks";
				PRODUCT_BUNDLE_IDENTIFIER = com.iozee.ChurchBeam;
				PRODUCT_NAME = "$(TARGET_NAME)";
				SWIFT_VERSION = 4.0;
				TARGETED_DEVICE_FAMILY = "1,2";
			};
			name = Debug;
		};
		E31171441FE59DA3008D9D51 /* Release */ = {
			isa = XCBuildConfiguration;
			baseConfigurationReference = 8300EFE78A26AC2834037C54 /* Pods-SongProjector.release.xcconfig */;
			buildSettings = {
				ASSETCATALOG_COMPILER_APPICON_NAME = AppIcon;
				CODE_SIGN_STYLE = Automatic;
				DEVELOPMENT_TEAM = LXU7BA48AY;
				INFOPLIST_FILE = SongProjector/Info.plist;
				LD_RUNPATH_SEARCH_PATHS = "$(inherited) @executable_path/Frameworks";
				PRODUCT_BUNDLE_IDENTIFIER = com.iozee.ChurchBeam;
				PRODUCT_NAME = "$(TARGET_NAME)";
				SWIFT_VERSION = 4.0;
				TARGETED_DEVICE_FAMILY = "1,2";
			};
			name = Release;
		};
/* End XCBuildConfiguration section */

/* Begin XCConfigurationList section */
		E31171281FE59DA3008D9D51 /* Build configuration list for PBXProject "ChurchBeam" */ = {
			isa = XCConfigurationList;
			buildConfigurations = (
				E31171401FE59DA3008D9D51 /* Debug */,
				E31171411FE59DA3008D9D51 /* Release */,
			);
			defaultConfigurationIsVisible = 0;
			defaultConfigurationName = Release;
		};
		E31171421FE59DA3008D9D51 /* Build configuration list for PBXNativeTarget "SongProjector" */ = {
			isa = XCConfigurationList;
			buildConfigurations = (
				E31171431FE59DA3008D9D51 /* Debug */,
				E31171441FE59DA3008D9D51 /* Release */,
			);
			defaultConfigurationIsVisible = 0;
			defaultConfigurationName = Release;
		};
/* End XCConfigurationList section */

/* Begin XCVersionGroup section */
		E31171371FE59DA3008D9D51 /* SongProjector.xcdatamodeld */ = {
			isa = XCVersionGroup;
			children = (
				E31171381FE59DA3008D9D51 /* SongProjector.xcdatamodel */,
			);
			currentVersion = E31171381FE59DA3008D9D51 /* SongProjector.xcdatamodel */;
			path = SongProjector.xcdatamodeld;
			sourceTree = "<group>";
			versionGroupType = wrapper.xcdatamodel;
		};
/* End XCVersionGroup section */
	};
	rootObject = E31171251FE59DA3008D9D51 /* Project object */;
}
